
Microsoft Visual Studio Solution File, Format Version 12.00
# Visual Studio Version 16
Project("{2150E333-8FDC-42A3-9474-1A3956D46DE8}") = "CMakePredefinedTargets", "CMakePredefinedTargets", "{B33BFA4A-360B-39D4-9F91-6748F112510E}"
EndProject
Project("{2150E333-8FDC-42A3-9474-1A3956D46DE8}") = "GLFW3", "GLFW3", "{62D391B2-023D-3B11-8181-E5E3427D3A3A}"
EndProject
Project("{2150E333-8FDC-42A3-9474-1A3956D46DE8}") = "Examples", "GLFW3\Examples", "{B790BAB5-7310-3C78-92E4-99FE93EC5CFA}"
EndProject
Project("{2150E333-8FDC-42A3-9474-1A3956D46DE8}") = "Tests", "GLFW3\Tests", "{E69C6339-CCA0-32A2-A59A-05139F1A7A52}"
EndProject
Project("{8BC9CEB8-8B4A-11D0-8D11-00A0C91BC942}") = "ALL_BUILD", "ALL_BUILD.vcxproj", "{3B053CC8-BE91-39FF-98EB-FDC040C60EC6}"
	ProjectSection(ProjectDependencies) = postProject
		{3799F898-6C08-33D9-A9F9-A50DF505F5AA} = {3799F898-6C08-33D9-A9F9-A50DF505F5AA}
		{1E1CB9B2-65CC-39F0-9695-1B1FCABFAFE8} = {1E1CB9B2-65CC-39F0-9695-1B1FCABFAFE8}
		{1636F8DC-4039-3DCD-81B7-CDF637B95A29} = {1636F8DC-4039-3DCD-81B7-CDF637B95A29}
		{87273415-75F8-3320-9FAD-28BD68606E75} = {87273415-75F8-3320-9FAD-28BD68606E75}
		{921629E4-FA55-36F4-9F89-CC8436651088} = {921629E4-FA55-36F4-9F89-CC8436651088}
		{A21BBE27-CEB7-31FF-A549-4D166FD51983} = {A21BBE27-CEB7-31FF-A549-4D166FD51983}
		{D47A8DE4-648E-3D8D-827D-6FAB5F8CD52A} = {D47A8DE4-648E-3D8D-827D-6FAB5F8CD52A}
		{CBBD8FC3-AE3F-3A3D-A5FB-8F41EBEBE1FB} = {CBBD8FC3-AE3F-3A3D-A5FB-8F41EBEBE1FB}
		{90C974B7-792D-3C48-A990-507139223BD0} = {90C974B7-792D-3C48-A990-507139223BD0}
		{08323C3A-3B49-38D5-ACFC-EC31FD1DDF86} = {08323C3A-3B49-38D5-ACFC-EC31FD1DDF86}
		{5EB0A388-3782-3D8E-B1F6-95B603767705} = {5EB0A388-3782-3D8E-B1F6-95B603767705}
		{844368F8-05F9-3225-BDF0-6BB58A8ACAEF} = {844368F8-05F9-3225-BDF0-6BB58A8ACAEF}
		{8302568F-25B8-3683-84A0-206435A884DE} = {8302568F-25B8-3683-84A0-206435A884DE}
		{2745169B-9020-3DCA-AEF0-BC21D58B83BD} = {2745169B-9020-3DCA-AEF0-BC21D58B83BD}
		{D04C78BC-E835-3635-B1DD-E8AEA100DA9F} = {D04C78BC-E835-3635-B1DD-E8AEA100DA9F}
		{8DB6D8C8-6532-34CE-979B-96E6C9F3F1DB} = {8DB6D8C8-6532-34CE-979B-96E6C9F3F1DB}
		{FB028E9D-CD4F-373A-A5A7-1892036E71E4} = {FB028E9D-CD4F-373A-A5A7-1892036E71E4}
		{575BE680-F49E-3C83-B7D8-E004CD11068F} = {575BE680-F49E-3C83-B7D8-E004CD11068F}
		{813D5A32-1F63-331F-A315-0F37C2B794DB} = {813D5A32-1F63-331F-A315-0F37C2B794DB}
		{6559D2BD-01A1-396E-97EB-49DC78D30DF5} = {6559D2BD-01A1-396E-97EB-49DC78D30DF5}
		{1F47FA71-96B5-345C-9657-23BCF8A45881} = {1F47FA71-96B5-345C-9657-23BCF8A45881}
		{BA0F6168-C6FF-3CB6-AA60-579F4AEF135F} = {BA0F6168-C6FF-3CB6-AA60-579F4AEF135F}
		{8BAB88F3-0B74-3F51-96B2-0CFFD5E4E4E8} = {8BAB88F3-0B74-3F51-96B2-0CFFD5E4E4E8}
		{0AC4EF4E-94A2-3F60-BF12-646338A74F9C} = {0AC4EF4E-94A2-3F60-BF12-646338A74F9C}
		{1A1A2E2D-2281-3F9D-A815-984A9AE225A4} = {1A1A2E2D-2281-3F9D-A815-984A9AE225A4}
		{0D7B197F-EA35-381D-9790-CC3A63283996} = {0D7B197F-EA35-381D-9790-CC3A63283996}
		{D03BB805-F796-3E06-BBB7-A12DED3AAFD9} = {D03BB805-F796-3E06-BBB7-A12DED3AAFD9}
		{1209C5A4-FE85-3E59-BF6D-303A5F1CB37E} = {1209C5A4-FE85-3E59-BF6D-303A5F1CB37E}
		{C23AE511-7BB0-31EB-9AE0-2070349ED33D} = {C23AE511-7BB0-31EB-9AE0-2070349ED33D}
		{4B76AE85-EF31-34C5-A034-B800F29F6F5C} = {4B76AE85-EF31-34C5-A034-B800F29F6F5C}
		{5B9F3103-7467-3E7A-9338-E5FD65251C5D} = {5B9F3103-7467-3E7A-9338-E5FD65251C5D}
		{26662808-0213-39F7-8248-892757D9224C} = {26662808-0213-39F7-8248-892757D9224C}
		{EAA3C265-AA05-3E3A-B3EB-6BA4F4F84FA7} = {EAA3C265-AA05-3E3A-B3EB-6BA4F4F84FA7}
		{4577A268-0CBD-3626-A889-7EE4358EF6E2} = {4577A268-0CBD-3626-A889-7EE4358EF6E2}
		{E4794311-FCDE-3CC4-AFEE-2AA9212A4E7C} = {E4794311-FCDE-3CC4-AFEE-2AA9212A4E7C}
		{B0560F8E-8DAD-3F01-981A-466B12017ED4} = {B0560F8E-8DAD-3F01-981A-466B12017ED4}
		{0C55DC82-5D54-3776-B7C2-87920A7589F6} = {0C55DC82-5D54-3776-B7C2-87920A7589F6}
		{8BA60101-493D-31E8-9EDC-6D1619659698} = {8BA60101-493D-31E8-9EDC-6D1619659698}
		{E88C9BA2-C9C5-3609-9C06-33FE4A625914} = {E88C9BA2-C9C5-3609-9C06-33FE4A625914}
		{48AADD2F-1190-3169-AE06-0625A389F0F2} = {48AADD2F-1190-3169-AE06-0625A389F0F2}
		{694DDF90-5A7E-3975-93CA-AC3F23A32558} = {694DDF90-5A7E-3975-93CA-AC3F23A32558}
		{7DDE86C9-0759-333E-B709-D5FFF30DBF6A} = {7DDE86C9-0759-333E-B709-D5FFF30DBF6A}
		{A11FBEC2-CE52-346C-979B-75A9C889EF81} = {A11FBEC2-CE52-346C-979B-75A9C889EF81}
		{B2AE43F0-69E0-3D81-A9F3-B4552D856FDB} = {B2AE43F0-69E0-3D81-A9F3-B4552D856FDB}
		{29E0EB3A-BAD0-3747-A3C2-DC7BDF37C1B5} = {29E0EB3A-BAD0-3747-A3C2-DC7BDF37C1B5}
		{DA8E49B9-7480-3F09-AADC-BB8362E5EFD7} = {DA8E49B9-7480-3F09-AADC-BB8362E5EFD7}
		{C617619F-1318-31C0-A27B-DD4BFDF0D5CD} = {C617619F-1318-31C0-A27B-DD4BFDF0D5CD}
		{D10B7E9A-FD8C-3E88-B8D2-59DD5200B8CF} = {D10B7E9A-FD8C-3E88-B8D2-59DD5200B8CF}
		{9E944E56-1F32-3388-8E96-B7EC46C9A974} = {9E944E56-1F32-3388-8E96-B7EC46C9A974}
		{5CF45C9F-696E-3380-80DF-FD73629E09A7} = {5CF45C9F-696E-3380-80DF-FD73629E09A7}
		{A1E3132B-AA45-3B45-8757-91E328DDF38C} = {A1E3132B-AA45-3B45-8757-91E328DDF38C}
		{A073653C-15DC-31FB-A5FE-E87523C9A01A} = {A073653C-15DC-31FB-A5FE-E87523C9A01A}
		{9905AEBD-76EF-3F66-ABAE-4DF5902CD111} = {9905AEBD-76EF-3F66-ABAE-4DF5902CD111}
		{C6DEEA2B-0068-3978-8AC7-FC36C4A8F4FF} = {C6DEEA2B-0068-3978-8AC7-FC36C4A8F4FF}
		{2B6432AA-431C-3161-93A7-0DCF83E58B96} = {2B6432AA-431C-3161-93A7-0DCF83E58B96}
		{57E1C3E8-B3BA-39ED-ABE3-DF9D635F77C6} = {57E1C3E8-B3BA-39ED-ABE3-DF9D635F77C6}
		{F2E2F5C2-90A1-39CA-A866-5D4D7A4BEFB9} = {F2E2F5C2-90A1-39CA-A866-5D4D7A4BEFB9}
		{7AD35D05-F35D-3397-B92D-133FC920EC29} = {7AD35D05-F35D-3397-B92D-133FC920EC29}
		{544C3C7A-AF8A-387C-B22B-67AA52A19546} = {544C3C7A-AF8A-387C-B22B-67AA52A19546}
	EndProjectSection
EndProject
Project("{8BC9CEB8-8B4A-11D0-8D11-00A0C91BC942}") = "ANTTWEAKBAR_116_OGLCORE_GLFW", "external\ANTTWEAKBAR_116_OGLCORE_GLFW.vcxproj", "{3799F898-6C08-33D9-A9F9-A50DF505F5AA}"
	ProjectSection(ProjectDependencies) = postProject
		{D47A8DE4-648E-3D8D-827D-6FAB5F8CD52A} = {D47A8DE4-648E-3D8D-827D-6FAB5F8CD52A}
	EndProjectSection
EndProject
Project("{8BC9CEB8-8B4A-11D0-8D11-00A0C91BC942}") = "BulletCollision", "external\bullet-2.81-rev2613\src\BulletCollision\BulletCollision.vcxproj", "{1E1CB9B2-65CC-39F0-9695-1B1FCABFAFE8}"
	ProjectSection(ProjectDependencies) = postProject
		{D47A8DE4-648E-3D8D-827D-6FAB5F8CD52A} = {D47A8DE4-648E-3D8D-827D-6FAB5F8CD52A}
	EndProjectSection
EndProject
Project("{8BC9CEB8-8B4A-11D0-8D11-00A0C91BC942}") = "BulletDynamics", "external\bullet-2.81-rev2613\src\BulletDynamics\BulletDynamics.vcxproj", "{1636F8DC-4039-3DCD-81B7-CDF637B95A29}"
	ProjectSection(ProjectDependencies) = postProject
		{D47A8DE4-648E-3D8D-827D-6FAB5F8CD52A} = {D47A8DE4-648E-3D8D-827D-6FAB5F8CD52A}
	EndProjectSection
EndProject
Project("{8BC9CEB8-8B4A-11D0-8D11-00A0C91BC942}") = "BulletSoftBody", "external\bullet-2.81-rev2613\src\BulletSoftBody\BulletSoftBody.vcxproj", "{87273415-75F8-3320-9FAD-28BD68606E75}"
	ProjectSection(ProjectDependencies) = postProject
		{D47A8DE4-648E-3D8D-827D-6FAB5F8CD52A} = {D47A8DE4-648E-3D8D-827D-6FAB5F8CD52A}
	EndProjectSection
EndProject
Project("{8BC9CEB8-8B4A-11D0-8D11-00A0C91BC942}") = "GLEW_1130", "external\GLEW_1130.vcxproj", "{921629E4-FA55-36F4-9F89-CC8436651088}"
	ProjectSection(ProjectDependencies) = postProject
		{D47A8DE4-648E-3D8D-827D-6FAB5F8CD52A} = {D47A8DE4-648E-3D8D-827D-6FAB5F8CD52A}
	EndProjectSection
EndProject
Project("{8BC9CEB8-8B4A-11D0-8D11-00A0C91BC942}") = "INSTALL", "INSTALL.vcxproj", "{81B670F4-A971-3776-8E49-5C87D4A85D70}"
	ProjectSection(ProjectDependencies) = postProject
		{3B053CC8-BE91-39FF-98EB-FDC040C60EC6} = {3B053CC8-BE91-39FF-98EB-FDC040C60EC6}
		{D47A8DE4-648E-3D8D-827D-6FAB5F8CD52A} = {D47A8DE4-648E-3D8D-827D-6FAB5F8CD52A}
	EndProjectSection
EndProject
Project("{8BC9CEB8-8B4A-11D0-8D11-00A0C91BC942}") = "LinearMath", "external\bullet-2.81-rev2613\src\LinearMath\LinearMath.vcxproj", "{A21BBE27-CEB7-31FF-A549-4D166FD51983}"
	ProjectSection(ProjectDependencies) = postProject
		{D47A8DE4-648E-3D8D-827D-6FAB5F8CD52A} = {D47A8DE4-648E-3D8D-827D-6FAB5F8CD52A}
	EndProjectSection
EndProject
Project("{8BC9CEB8-8B4A-11D0-8D11-00A0C91BC942}") = "ZERO_CHECK", "ZERO_CHECK.vcxproj", "{D47A8DE4-648E-3D8D-827D-6FAB5F8CD52A}"
	ProjectSection(ProjectDependencies) = postProject
	EndProjectSection
EndProject
Project("{8BC9CEB8-8B4A-11D0-8D11-00A0C91BC942}") = "assimp", "external\assimp-3.0.1270\code\assimp.vcxproj", "{CBBD8FC3-AE3F-3A3D-A5FB-8F41EBEBE1FB}"
	ProjectSection(ProjectDependencies) = postProject
		{D47A8DE4-648E-3D8D-827D-6FAB5F8CD52A} = {D47A8DE4-648E-3D8D-827D-6FAB5F8CD52A}
		{544C3C7A-AF8A-387C-B22B-67AA52A19546} = {544C3C7A-AF8A-387C-B22B-67AA52A19546}
	EndProjectSection
EndProject
Project("{8BC9CEB8-8B4A-11D0-8D11-00A0C91BC942}") = "boing", "external\glfw-3.1.2\examples\boing.vcxproj", "{90C974B7-792D-3C48-A990-507139223BD0}"
	ProjectSection(ProjectDependencies) = postProject
		{D47A8DE4-648E-3D8D-827D-6FAB5F8CD52A} = {D47A8DE4-648E-3D8D-827D-6FAB5F8CD52A}
		{8DB6D8C8-6532-34CE-979B-96E6C9F3F1DB} = {8DB6D8C8-6532-34CE-979B-96E6C9F3F1DB}
	EndProjectSection
EndProject
Project("{8BC9CEB8-8B4A-11D0-8D11-00A0C91BC942}") = "clipboard", "external\glfw-3.1.2\tests\clipboard.vcxproj", "{08323C3A-3B49-38D5-ACFC-EC31FD1DDF86}"
	ProjectSection(ProjectDependencies) = postProject
		{D47A8DE4-648E-3D8D-827D-6FAB5F8CD52A} = {D47A8DE4-648E-3D8D-827D-6FAB5F8CD52A}
		{8DB6D8C8-6532-34CE-979B-96E6C9F3F1DB} = {8DB6D8C8-6532-34CE-979B-96E6C9F3F1DB}
	EndProjectSection
EndProject
Project("{8BC9CEB8-8B4A-11D0-8D11-00A0C91BC942}") = "cursor", "external\glfw-3.1.2\tests\cursor.vcxproj", "{5EB0A388-3782-3D8E-B1F6-95B603767705}"
	ProjectSection(ProjectDependencies) = postProject
		{D47A8DE4-648E-3D8D-827D-6FAB5F8CD52A} = {D47A8DE4-648E-3D8D-827D-6FAB5F8CD52A}
		{8DB6D8C8-6532-34CE-979B-96E6C9F3F1DB} = {8DB6D8C8-6532-34CE-979B-96E6C9F3F1DB}
	EndProjectSection
EndProject
Project("{8BC9CEB8-8B4A-11D0-8D11-00A0C91BC942}") = "empty", "external\glfw-3.1.2\tests\empty.vcxproj", "{844368F8-05F9-3225-BDF0-6BB58A8ACAEF}"
	ProjectSection(ProjectDependencies) = postProject
		{D47A8DE4-648E-3D8D-827D-6FAB5F8CD52A} = {D47A8DE4-648E-3D8D-827D-6FAB5F8CD52A}
		{8DB6D8C8-6532-34CE-979B-96E6C9F3F1DB} = {8DB6D8C8-6532-34CE-979B-96E6C9F3F1DB}
	EndProjectSection
EndProject
Project("{8BC9CEB8-8B4A-11D0-8D11-00A0C91BC942}") = "events", "external\glfw-3.1.2\tests\events.vcxproj", "{8302568F-25B8-3683-84A0-206435A884DE}"
	ProjectSection(ProjectDependencies) = postProject
		{D47A8DE4-648E-3D8D-827D-6FAB5F8CD52A} = {D47A8DE4-648E-3D8D-827D-6FAB5F8CD52A}
		{8DB6D8C8-6532-34CE-979B-96E6C9F3F1DB} = {8DB6D8C8-6532-34CE-979B-96E6C9F3F1DB}
	EndProjectSection
EndProject
Project("{8BC9CEB8-8B4A-11D0-8D11-00A0C91BC942}") = "gamma", "external\glfw-3.1.2\tests\gamma.vcxproj", "{2745169B-9020-3DCA-AEF0-BC21D58B83BD}"
	ProjectSection(ProjectDependencies) = postProject
		{D47A8DE4-648E-3D8D-827D-6FAB5F8CD52A} = {D47A8DE4-648E-3D8D-827D-6FAB5F8CD52A}
		{8DB6D8C8-6532-34CE-979B-96E6C9F3F1DB} = {8DB6D8C8-6532-34CE-979B-96E6C9F3F1DB}
	EndProjectSection
EndProject
Project("{8BC9CEB8-8B4A-11D0-8D11-00A0C91BC942}") = "gears", "external\glfw-3.1.2\examples\gears.vcxproj", "{D04C78BC-E835-3635-B1DD-E8AEA100DA9F}"
	ProjectSection(ProjectDependencies) = postProject
		{D47A8DE4-648E-3D8D-827D-6FAB5F8CD52A} = {D47A8DE4-648E-3D8D-827D-6FAB5F8CD52A}
		{8DB6D8C8-6532-34CE-979B-96E6C9F3F1DB} = {8DB6D8C8-6532-34CE-979B-96E6C9F3F1DB}
	EndProjectSection
EndProject
Project("{8BC9CEB8-8B4A-11D0-8D11-00A0C91BC942}") = "glfw", "external\glfw-3.1.2\src\glfw.vcxproj", "{8DB6D8C8-6532-34CE-979B-96E6C9F3F1DB}"
	ProjectSection(ProjectDependencies) = postProject
		{D47A8DE4-648E-3D8D-827D-6FAB5F8CD52A} = {D47A8DE4-648E-3D8D-827D-6FAB5F8CD52A}
	EndProjectSection
EndProject
Project("{8BC9CEB8-8B4A-11D0-8D11-00A0C91BC942}") = "glfwinfo", "external\glfw-3.1.2\tests\glfwinfo.vcxproj", "{FB028E9D-CD4F-373A-A5A7-1892036E71E4}"
	ProjectSection(ProjectDependencies) = postProject
		{D47A8DE4-648E-3D8D-827D-6FAB5F8CD52A} = {D47A8DE4-648E-3D8D-827D-6FAB5F8CD52A}
		{8DB6D8C8-6532-34CE-979B-96E6C9F3F1DB} = {8DB6D8C8-6532-34CE-979B-96E6C9F3F1DB}
	EndProjectSection
EndProject
Project("{8BC9CEB8-8B4A-11D0-8D11-00A0C91BC942}") = "heightmap", "external\glfw-3.1.2\examples\heightmap.vcxproj", "{575BE680-F49E-3C83-B7D8-E004CD11068F}"
	ProjectSection(ProjectDependencies) = postProject
		{D47A8DE4-648E-3D8D-827D-6FAB5F8CD52A} = {D47A8DE4-648E-3D8D-827D-6FAB5F8CD52A}
		{8DB6D8C8-6532-34CE-979B-96E6C9F3F1DB} = {8DB6D8C8-6532-34CE-979B-96E6C9F3F1DB}
	EndProjectSection
EndProject
Project("{8BC9CEB8-8B4A-11D0-8D11-00A0C91BC942}") = "iconify", "external\glfw-3.1.2\tests\iconify.vcxproj", "{813D5A32-1F63-331F-A315-0F37C2B794DB}"
	ProjectSection(ProjectDependencies) = postProject
		{D47A8DE4-648E-3D8D-827D-6FAB5F8CD52A} = {D47A8DE4-648E-3D8D-827D-6FAB5F8CD52A}
		{8DB6D8C8-6532-34CE-979B-96E6C9F3F1DB} = {8DB6D8C8-6532-34CE-979B-96E6C9F3F1DB}
	EndProjectSection
EndProject
Project("{8BC9CEB8-8B4A-11D0-8D11-00A0C91BC942}") = "joysticks", "external\glfw-3.1.2\tests\joysticks.vcxproj", "{6559D2BD-01A1-396E-97EB-49DC78D30DF5}"
	ProjectSection(ProjectDependencies) = postProject
		{D47A8DE4-648E-3D8D-827D-6FAB5F8CD52A} = {D47A8DE4-648E-3D8D-827D-6FAB5F8CD52A}
		{8DB6D8C8-6532-34CE-979B-96E6C9F3F1DB} = {8DB6D8C8-6532-34CE-979B-96E6C9F3F1DB}
	EndProjectSection
EndProject
Project("{8BC9CEB8-8B4A-11D0-8D11-00A0C91BC942}") = "misc05_picking_BulletPhysics", "misc05_picking_BulletPhysics.vcxproj", "{1F47FA71-96B5-345C-9657-23BCF8A45881}"
	ProjectSection(ProjectDependencies) = postProject
		{3799F898-6C08-33D9-A9F9-A50DF505F5AA} = {3799F898-6C08-33D9-A9F9-A50DF505F5AA}
		{1E1CB9B2-65CC-39F0-9695-1B1FCABFAFE8} = {1E1CB9B2-65CC-39F0-9695-1B1FCABFAFE8}
		{1636F8DC-4039-3DCD-81B7-CDF637B95A29} = {1636F8DC-4039-3DCD-81B7-CDF637B95A29}
		{921629E4-FA55-36F4-9F89-CC8436651088} = {921629E4-FA55-36F4-9F89-CC8436651088}
		{A21BBE27-CEB7-31FF-A549-4D166FD51983} = {A21BBE27-CEB7-31FF-A549-4D166FD51983}
		{D47A8DE4-648E-3D8D-827D-6FAB5F8CD52A} = {D47A8DE4-648E-3D8D-827D-6FAB5F8CD52A}
		{8DB6D8C8-6532-34CE-979B-96E6C9F3F1DB} = {8DB6D8C8-6532-34CE-979B-96E6C9F3F1DB}
	EndProjectSection
EndProject
Project("{8BC9CEB8-8B4A-11D0-8D11-00A0C91BC942}") = "misc05_picking_custom", "misc05_picking_custom.vcxproj", "{BA0F6168-C6FF-3CB6-AA60-579F4AEF135F}"
	ProjectSection(ProjectDependencies) = postProject
		{3799F898-6C08-33D9-A9F9-A50DF505F5AA} = {3799F898-6C08-33D9-A9F9-A50DF505F5AA}
		{921629E4-FA55-36F4-9F89-CC8436651088} = {921629E4-FA55-36F4-9F89-CC8436651088}
		{D47A8DE4-648E-3D8D-827D-6FAB5F8CD52A} = {D47A8DE4-648E-3D8D-827D-6FAB5F8CD52A}
		{8DB6D8C8-6532-34CE-979B-96E6C9F3F1DB} = {8DB6D8C8-6532-34CE-979B-96E6C9F3F1DB}
	EndProjectSection
EndProject
Project("{8BC9CEB8-8B4A-11D0-8D11-00A0C91BC942}") = "misc05_picking_slow_easy", "misc05_picking_slow_easy.vcxproj", "{8BAB88F3-0B74-3F51-96B2-0CFFD5E4E4E8}"
	ProjectSection(ProjectDependencies) = postProject
		{3799F898-6C08-33D9-A9F9-A50DF505F5AA} = {3799F898-6C08-33D9-A9F9-A50DF505F5AA}
		{921629E4-FA55-36F4-9F89-CC8436651088} = {921629E4-FA55-36F4-9F89-CC8436651088}
		{D47A8DE4-648E-3D8D-827D-6FAB5F8CD52A} = {D47A8DE4-648E-3D8D-827D-6FAB5F8CD52A}
		{8DB6D8C8-6532-34CE-979B-96E6C9F3F1DB} = {8DB6D8C8-6532-34CE-979B-96E6C9F3F1DB}
	EndProjectSection
EndProject
Project("{8BC9CEB8-8B4A-11D0-8D11-00A0C91BC942}") = "monitors", "external\glfw-3.1.2\tests\monitors.vcxproj", "{0AC4EF4E-94A2-3F60-BF12-646338A74F9C}"
	ProjectSection(ProjectDependencies) = postProject
		{D47A8DE4-648E-3D8D-827D-6FAB5F8CD52A} = {D47A8DE4-648E-3D8D-827D-6FAB5F8CD52A}
		{8DB6D8C8-6532-34CE-979B-96E6C9F3F1DB} = {8DB6D8C8-6532-34CE-979B-96E6C9F3F1DB}
	EndProjectSection
EndProject
Project("{8BC9CEB8-8B4A-11D0-8D11-00A0C91BC942}") = "msaa", "external\glfw-3.1.2\tests\msaa.vcxproj", "{1A1A2E2D-2281-3F9D-A815-984A9AE225A4}"
	ProjectSection(ProjectDependencies) = postProject
		{D47A8DE4-648E-3D8D-827D-6FAB5F8CD52A} = {D47A8DE4-648E-3D8D-827D-6FAB5F8CD52A}
		{8DB6D8C8-6532-34CE-979B-96E6C9F3F1DB} = {8DB6D8C8-6532-34CE-979B-96E6C9F3F1DB}
	EndProjectSection
EndProject
Project("{8BC9CEB8-8B4A-11D0-8D11-00A0C91BC942}") = "particles", "external\glfw-3.1.2\examples\particles.vcxproj", "{0D7B197F-EA35-381D-9790-CC3A63283996}"
	ProjectSection(ProjectDependencies) = postProject
		{D47A8DE4-648E-3D8D-827D-6FAB5F8CD52A} = {D47A8DE4-648E-3D8D-827D-6FAB5F8CD52A}
		{8DB6D8C8-6532-34CE-979B-96E6C9F3F1DB} = {8DB6D8C8-6532-34CE-979B-96E6C9F3F1DB}
	EndProjectSection
EndProject
Project("{8BC9CEB8-8B4A-11D0-8D11-00A0C91BC942}") = "playground", "playground.vcxproj", "{D03BB805-F796-3E06-BBB7-A12DED3AAFD9}"
	ProjectSection(ProjectDependencies) = postProject
		{921629E4-FA55-36F4-9F89-CC8436651088} = {921629E4-FA55-36F4-9F89-CC8436651088}
		{D47A8DE4-648E-3D8D-827D-6FAB5F8CD52A} = {D47A8DE4-648E-3D8D-827D-6FAB5F8CD52A}
		{8DB6D8C8-6532-34CE-979B-96E6C9F3F1DB} = {8DB6D8C8-6532-34CE-979B-96E6C9F3F1DB}
	EndProjectSection
EndProject
Project("{8BC9CEB8-8B4A-11D0-8D11-00A0C91BC942}") = "reopen", "external\glfw-3.1.2\tests\reopen.vcxproj", "{1209C5A4-FE85-3E59-BF6D-303A5F1CB37E}"
	ProjectSection(ProjectDependencies) = postProject
		{D47A8DE4-648E-3D8D-827D-6FAB5F8CD52A} = {D47A8DE4-648E-3D8D-827D-6FAB5F8CD52A}
		{8DB6D8C8-6532-34CE-979B-96E6C9F3F1DB} = {8DB6D8C8-6532-34CE-979B-96E6C9F3F1DB}
	EndProjectSection
EndProject
Project("{8BC9CEB8-8B4A-11D0-8D11-00A0C91BC942}") = "sharing", "external\glfw-3.1.2\tests\sharing.vcxproj", "{C23AE511-7BB0-31EB-9AE0-2070349ED33D}"
	ProjectSection(ProjectDependencies) = postProject
		{D47A8DE4-648E-3D8D-827D-6FAB5F8CD52A} = {D47A8DE4-648E-3D8D-827D-6FAB5F8CD52A}
		{8DB6D8C8-6532-34CE-979B-96E6C9F3F1DB} = {8DB6D8C8-6532-34CE-979B-96E6C9F3F1DB}
	EndProjectSection
EndProject
Project("{8BC9CEB8-8B4A-11D0-8D11-00A0C91BC942}") = "simple", "external\glfw-3.1.2\examples\simple.vcxproj", "{4B76AE85-EF31-34C5-A034-B800F29F6F5C}"
	ProjectSection(ProjectDependencies) = postProject
		{D47A8DE4-648E-3D8D-827D-6FAB5F8CD52A} = {D47A8DE4-648E-3D8D-827D-6FAB5F8CD52A}
		{8DB6D8C8-6532-34CE-979B-96E6C9F3F1DB} = {8DB6D8C8-6532-34CE-979B-96E6C9F3F1DB}
	EndProjectSection
EndProject
Project("{8BC9CEB8-8B4A-11D0-8D11-00A0C91BC942}") = "splitview", "external\glfw-3.1.2\examples\splitview.vcxproj", "{5B9F3103-7467-3E7A-9338-E5FD65251C5D}"
	ProjectSection(ProjectDependencies) = postProject
		{D47A8DE4-648E-3D8D-827D-6FAB5F8CD52A} = {D47A8DE4-648E-3D8D-827D-6FAB5F8CD52A}
		{8DB6D8C8-6532-34CE-979B-96E6C9F3F1DB} = {8DB6D8C8-6532-34CE-979B-96E6C9F3F1DB}
	EndProjectSection
EndProject
Project("{8BC9CEB8-8B4A-11D0-8D11-00A0C91BC942}") = "tearing", "external\glfw-3.1.2\tests\tearing.vcxproj", "{26662808-0213-39F7-8248-892757D9224C}"
	ProjectSection(ProjectDependencies) = postProject
		{D47A8DE4-648E-3D8D-827D-6FAB5F8CD52A} = {D47A8DE4-648E-3D8D-827D-6FAB5F8CD52A}
		{8DB6D8C8-6532-34CE-979B-96E6C9F3F1DB} = {8DB6D8C8-6532-34CE-979B-96E6C9F3F1DB}
	EndProjectSection
EndProject
Project("{8BC9CEB8-8B4A-11D0-8D11-00A0C91BC942}") = "threads", "external\glfw-3.1.2\tests\threads.vcxproj", "{EAA3C265-AA05-3E3A-B3EB-6BA4F4F84FA7}"
	ProjectSection(ProjectDependencies) = postProject
		{D47A8DE4-648E-3D8D-827D-6FAB5F8CD52A} = {D47A8DE4-648E-3D8D-827D-6FAB5F8CD52A}
		{8DB6D8C8-6532-34CE-979B-96E6C9F3F1DB} = {8DB6D8C8-6532-34CE-979B-96E6C9F3F1DB}
	EndProjectSection
EndProject
Project("{8BC9CEB8-8B4A-11D0-8D11-00A0C91BC942}") = "title", "external\glfw-3.1.2\tests\title.vcxproj", "{4577A268-0CBD-3626-A889-7EE4358EF6E2}"
	ProjectSection(ProjectDependencies) = postProject
		{D47A8DE4-648E-3D8D-827D-6FAB5F8CD52A} = {D47A8DE4-648E-3D8D-827D-6FAB5F8CD52A}
		{8DB6D8C8-6532-34CE-979B-96E6C9F3F1DB} = {8DB6D8C8-6532-34CE-979B-96E6C9F3F1DB}
	EndProjectSection
EndProject
Project("{8BC9CEB8-8B4A-11D0-8D11-00A0C91BC942}") = "tutorial01_first_window", "tutorial01_first_window.vcxproj", "{E4794311-FCDE-3CC4-AFEE-2AA9212A4E7C}"
	ProjectSection(ProjectDependencies) = postProject
		{921629E4-FA55-36F4-9F89-CC8436651088} = {921629E4-FA55-36F4-9F89-CC8436651088}
		{D47A8DE4-648E-3D8D-827D-6FAB5F8CD52A} = {D47A8DE4-648E-3D8D-827D-6FAB5F8CD52A}
		{8DB6D8C8-6532-34CE-979B-96E6C9F3F1DB} = {8DB6D8C8-6532-34CE-979B-96E6C9F3F1DB}
	EndProjectSection
EndProject
Project("{8BC9CEB8-8B4A-11D0-8D11-00A0C91BC942}") = "tutorial02_red_triangle", "tutorial02_red_triangle.vcxproj", "{B0560F8E-8DAD-3F01-981A-466B12017ED4}"
	ProjectSection(ProjectDependencies) = postProject
		{921629E4-FA55-36F4-9F89-CC8436651088} = {921629E4-FA55-36F4-9F89-CC8436651088}
		{D47A8DE4-648E-3D8D-827D-6FAB5F8CD52A} = {D47A8DE4-648E-3D8D-827D-6FAB5F8CD52A}
		{8DB6D8C8-6532-34CE-979B-96E6C9F3F1DB} = {8DB6D8C8-6532-34CE-979B-96E6C9F3F1DB}
	EndProjectSection
EndProject
Project("{8BC9CEB8-8B4A-11D0-8D11-00A0C91BC942}") = "tutorial03_matrices", "tutorial03_matrices.vcxproj", "{0C55DC82-5D54-3776-B7C2-87920A7589F6}"
	ProjectSection(ProjectDependencies) = postProject
		{921629E4-FA55-36F4-9F89-CC8436651088} = {921629E4-FA55-36F4-9F89-CC8436651088}
		{D47A8DE4-648E-3D8D-827D-6FAB5F8CD52A} = {D47A8DE4-648E-3D8D-827D-6FAB5F8CD52A}
		{8DB6D8C8-6532-34CE-979B-96E6C9F3F1DB} = {8DB6D8C8-6532-34CE-979B-96E6C9F3F1DB}
	EndProjectSection
EndProject
Project("{8BC9CEB8-8B4A-11D0-8D11-00A0C91BC942}") = "tutorial04_colored_cube", "tutorial04_colored_cube.vcxproj", "{8BA60101-493D-31E8-9EDC-6D1619659698}"
	ProjectSection(ProjectDependencies) = postProject
		{921629E4-FA55-36F4-9F89-CC8436651088} = {921629E4-FA55-36F4-9F89-CC8436651088}
		{D47A8DE4-648E-3D8D-827D-6FAB5F8CD52A} = {D47A8DE4-648E-3D8D-827D-6FAB5F8CD52A}
		{8DB6D8C8-6532-34CE-979B-96E6C9F3F1DB} = {8DB6D8C8-6532-34CE-979B-96E6C9F3F1DB}
	EndProjectSection
EndProject
Project("{8BC9CEB8-8B4A-11D0-8D11-00A0C91BC942}") = "tutorial05_textured_cube", "tutorial05_textured_cube.vcxproj", "{E88C9BA2-C9C5-3609-9C06-33FE4A625914}"
	ProjectSection(ProjectDependencies) = postProject
		{921629E4-FA55-36F4-9F89-CC8436651088} = {921629E4-FA55-36F4-9F89-CC8436651088}
		{D47A8DE4-648E-3D8D-827D-6FAB5F8CD52A} = {D47A8DE4-648E-3D8D-827D-6FAB5F8CD52A}
		{8DB6D8C8-6532-34CE-979B-96E6C9F3F1DB} = {8DB6D8C8-6532-34CE-979B-96E6C9F3F1DB}
	EndProjectSection
EndProject
Project("{8BC9CEB8-8B4A-11D0-8D11-00A0C91BC942}") = "tutorial06_keyboard_and_mouse", "tutorial06_keyboard_and_mouse.vcxproj", "{48AADD2F-1190-3169-AE06-0625A389F0F2}"
	ProjectSection(ProjectDependencies) = postProject
		{921629E4-FA55-36F4-9F89-CC8436651088} = {921629E4-FA55-36F4-9F89-CC8436651088}
		{D47A8DE4-648E-3D8D-827D-6FAB5F8CD52A} = {D47A8DE4-648E-3D8D-827D-6FAB5F8CD52A}
		{8DB6D8C8-6532-34CE-979B-96E6C9F3F1DB} = {8DB6D8C8-6532-34CE-979B-96E6C9F3F1DB}
	EndProjectSection
EndProject
Project("{8BC9CEB8-8B4A-11D0-8D11-00A0C91BC942}") = "tutorial07_model_loading", "tutorial07_model_loading.vcxproj", "{694DDF90-5A7E-3975-93CA-AC3F23A32558}"
	ProjectSection(ProjectDependencies) = postProject
		{921629E4-FA55-36F4-9F89-CC8436651088} = {921629E4-FA55-36F4-9F89-CC8436651088}
		{D47A8DE4-648E-3D8D-827D-6FAB5F8CD52A} = {D47A8DE4-648E-3D8D-827D-6FAB5F8CD52A}
		{8DB6D8C8-6532-34CE-979B-96E6C9F3F1DB} = {8DB6D8C8-6532-34CE-979B-96E6C9F3F1DB}
	EndProjectSection
EndProject
Project("{8BC9CEB8-8B4A-11D0-8D11-00A0C91BC942}") = "tutorial08_basic_shading", "tutorial08_basic_shading.vcxproj", "{7DDE86C9-0759-333E-B709-D5FFF30DBF6A}"
	ProjectSection(ProjectDependencies) = postProject
		{921629E4-FA55-36F4-9F89-CC8436651088} = {921629E4-FA55-36F4-9F89-CC8436651088}
		{D47A8DE4-648E-3D8D-827D-6FAB5F8CD52A} = {D47A8DE4-648E-3D8D-827D-6FAB5F8CD52A}
		{8DB6D8C8-6532-34CE-979B-96E6C9F3F1DB} = {8DB6D8C8-6532-34CE-979B-96E6C9F3F1DB}
	EndProjectSection
EndProject
Project("{8BC9CEB8-8B4A-11D0-8D11-00A0C91BC942}") = "tutorial09_AssImp", "tutorial09_AssImp.vcxproj", "{A11FBEC2-CE52-346C-979B-75A9C889EF81}"
	ProjectSection(ProjectDependencies) = postProject
		{921629E4-FA55-36F4-9F89-CC8436651088} = {921629E4-FA55-36F4-9F89-CC8436651088}
		{D47A8DE4-648E-3D8D-827D-6FAB5F8CD52A} = {D47A8DE4-648E-3D8D-827D-6FAB5F8CD52A}
		{CBBD8FC3-AE3F-3A3D-A5FB-8F41EBEBE1FB} = {CBBD8FC3-AE3F-3A3D-A5FB-8F41EBEBE1FB}
		{8DB6D8C8-6532-34CE-979B-96E6C9F3F1DB} = {8DB6D8C8-6532-34CE-979B-96E6C9F3F1DB}
		{544C3C7A-AF8A-387C-B22B-67AA52A19546} = {544C3C7A-AF8A-387C-B22B-67AA52A19546}
	EndProjectSection
EndProject
Project("{8BC9CEB8-8B4A-11D0-8D11-00A0C91BC942}") = "tutorial09_several_objects", "tutorial09_several_objects.vcxproj", "{B2AE43F0-69E0-3D81-A9F3-B4552D856FDB}"
	ProjectSection(ProjectDependencies) = postProject
		{921629E4-FA55-36F4-9F89-CC8436651088} = {921629E4-FA55-36F4-9F89-CC8436651088}
		{D47A8DE4-648E-3D8D-827D-6FAB5F8CD52A} = {D47A8DE4-648E-3D8D-827D-6FAB5F8CD52A}
		{8DB6D8C8-6532-34CE-979B-96E6C9F3F1DB} = {8DB6D8C8-6532-34CE-979B-96E6C9F3F1DB}
	EndProjectSection
EndProject
Project("{8BC9CEB8-8B4A-11D0-8D11-00A0C91BC942}") = "tutorial09_vbo_indexing", "tutorial09_vbo_indexing.vcxproj", "{29E0EB3A-BAD0-3747-A3C2-DC7BDF37C1B5}"
	ProjectSection(ProjectDependencies) = postProject
		{921629E4-FA55-36F4-9F89-CC8436651088} = {921629E4-FA55-36F4-9F89-CC8436651088}
		{D47A8DE4-648E-3D8D-827D-6FAB5F8CD52A} = {D47A8DE4-648E-3D8D-827D-6FAB5F8CD52A}
		{8DB6D8C8-6532-34CE-979B-96E6C9F3F1DB} = {8DB6D8C8-6532-34CE-979B-96E6C9F3F1DB}
	EndProjectSection
EndProject
Project("{8BC9CEB8-8B4A-11D0-8D11-00A0C91BC942}") = "tutorial10_transparency", "tutorial10_transparency.vcxproj", "{DA8E49B9-7480-3F09-AADC-BB8362E5EFD7}"
	ProjectSection(ProjectDependencies) = postProject
		{921629E4-FA55-36F4-9F89-CC8436651088} = {921629E4-FA55-36F4-9F89-CC8436651088}
		{D47A8DE4-648E-3D8D-827D-6FAB5F8CD52A} = {D47A8DE4-648E-3D8D-827D-6FAB5F8CD52A}
		{8DB6D8C8-6532-34CE-979B-96E6C9F3F1DB} = {8DB6D8C8-6532-34CE-979B-96E6C9F3F1DB}
	EndProjectSection
EndProject
Project("{8BC9CEB8-8B4A-11D0-8D11-00A0C91BC942}") = "tutorial11_2d_fonts", "tutorial11_2d_fonts.vcxproj", "{C617619F-1318-31C0-A27B-DD4BFDF0D5CD}"
	ProjectSection(ProjectDependencies) = postProject
		{921629E4-FA55-36F4-9F89-CC8436651088} = {921629E4-FA55-36F4-9F89-CC8436651088}
		{D47A8DE4-648E-3D8D-827D-6FAB5F8CD52A} = {D47A8DE4-648E-3D8D-827D-6FAB5F8CD52A}
		{8DB6D8C8-6532-34CE-979B-96E6C9F3F1DB} = {8DB6D8C8-6532-34CE-979B-96E6C9F3F1DB}
	EndProjectSection
EndProject
Project("{8BC9CEB8-8B4A-11D0-8D11-00A0C91BC942}") = "tutorial12_extensions", "tutorial12_extensions.vcxproj", "{D10B7E9A-FD8C-3E88-B8D2-59DD5200B8CF}"
	ProjectSection(ProjectDependencies) = postProject
		{921629E4-FA55-36F4-9F89-CC8436651088} = {921629E4-FA55-36F4-9F89-CC8436651088}
		{D47A8DE4-648E-3D8D-827D-6FAB5F8CD52A} = {D47A8DE4-648E-3D8D-827D-6FAB5F8CD52A}
		{8DB6D8C8-6532-34CE-979B-96E6C9F3F1DB} = {8DB6D8C8-6532-34CE-979B-96E6C9F3F1DB}
	EndProjectSection
EndProject
Project("{8BC9CEB8-8B4A-11D0-8D11-00A0C91BC942}") = "tutorial13_normal_mapping", "tutorial13_normal_mapping.vcxproj", "{9E944E56-1F32-3388-8E96-B7EC46C9A974}"
	ProjectSection(ProjectDependencies) = postProject
		{921629E4-FA55-36F4-9F89-CC8436651088} = {921629E4-FA55-36F4-9F89-CC8436651088}
		{D47A8DE4-648E-3D8D-827D-6FAB5F8CD52A} = {D47A8DE4-648E-3D8D-827D-6FAB5F8CD52A}
		{8DB6D8C8-6532-34CE-979B-96E6C9F3F1DB} = {8DB6D8C8-6532-34CE-979B-96E6C9F3F1DB}
	EndProjectSection
EndProject
Project("{8BC9CEB8-8B4A-11D0-8D11-00A0C91BC942}") = "tutorial14_render_to_texture", "tutorial14_render_to_texture.vcxproj", "{5CF45C9F-696E-3380-80DF-FD73629E09A7}"
	ProjectSection(ProjectDependencies) = postProject
		{921629E4-FA55-36F4-9F89-CC8436651088} = {921629E4-FA55-36F4-9F89-CC8436651088}
		{D47A8DE4-648E-3D8D-827D-6FAB5F8CD52A} = {D47A8DE4-648E-3D8D-827D-6FAB5F8CD52A}
		{8DB6D8C8-6532-34CE-979B-96E6C9F3F1DB} = {8DB6D8C8-6532-34CE-979B-96E6C9F3F1DB}
	EndProjectSection
EndProject
Project("{8BC9CEB8-8B4A-11D0-8D11-00A0C91BC942}") = "tutorial15_lightmaps", "tutorial15_lightmaps.vcxproj", "{A1E3132B-AA45-3B45-8757-91E328DDF38C}"
	ProjectSection(ProjectDependencies) = postProject
		{921629E4-FA55-36F4-9F89-CC8436651088} = {921629E4-FA55-36F4-9F89-CC8436651088}
		{D47A8DE4-648E-3D8D-827D-6FAB5F8CD52A} = {D47A8DE4-648E-3D8D-827D-6FAB5F8CD52A}
		{8DB6D8C8-6532-34CE-979B-96E6C9F3F1DB} = {8DB6D8C8-6532-34CE-979B-96E6C9F3F1DB}
	EndProjectSection
EndProject
Project("{8BC9CEB8-8B4A-11D0-8D11-00A0C91BC942}") = "tutorial16_shadowmaps", "tutorial16_shadowmaps.vcxproj", "{A073653C-15DC-31FB-A5FE-E87523C9A01A}"
	ProjectSection(ProjectDependencies) = postProject
		{921629E4-FA55-36F4-9F89-CC8436651088} = {921629E4-FA55-36F4-9F89-CC8436651088}
		{D47A8DE4-648E-3D8D-827D-6FAB5F8CD52A} = {D47A8DE4-648E-3D8D-827D-6FAB5F8CD52A}
		{8DB6D8C8-6532-34CE-979B-96E6C9F3F1DB} = {8DB6D8C8-6532-34CE-979B-96E6C9F3F1DB}
	EndProjectSection
EndProject
Project("{8BC9CEB8-8B4A-11D0-8D11-00A0C91BC942}") = "tutorial16_shadowmaps_simple", "tutorial16_shadowmaps_simple.vcxproj", "{9905AEBD-76EF-3F66-ABAE-4DF5902CD111}"
	ProjectSection(ProjectDependencies) = postProject
		{921629E4-FA55-36F4-9F89-CC8436651088} = {921629E4-FA55-36F4-9F89-CC8436651088}
		{D47A8DE4-648E-3D8D-827D-6FAB5F8CD52A} = {D47A8DE4-648E-3D8D-827D-6FAB5F8CD52A}
		{8DB6D8C8-6532-34CE-979B-96E6C9F3F1DB} = {8DB6D8C8-6532-34CE-979B-96E6C9F3F1DB}
	EndProjectSection
EndProject
Project("{8BC9CEB8-8B4A-11D0-8D11-00A0C91BC942}") = "tutorial17_rotations", "tutorial17_rotations.vcxproj", "{C6DEEA2B-0068-3978-8AC7-FC36C4A8F4FF}"
	ProjectSection(ProjectDependencies) = postProject
		{3799F898-6C08-33D9-A9F9-A50DF505F5AA} = {3799F898-6C08-33D9-A9F9-A50DF505F5AA}
		{921629E4-FA55-36F4-9F89-CC8436651088} = {921629E4-FA55-36F4-9F89-CC8436651088}
		{D47A8DE4-648E-3D8D-827D-6FAB5F8CD52A} = {D47A8DE4-648E-3D8D-827D-6FAB5F8CD52A}
		{8DB6D8C8-6532-34CE-979B-96E6C9F3F1DB} = {8DB6D8C8-6532-34CE-979B-96E6C9F3F1DB}
	EndProjectSection
EndProject
Project("{8BC9CEB8-8B4A-11D0-8D11-00A0C91BC942}") = "tutorial18_billboards", "tutorial18_billboards.vcxproj", "{2B6432AA-431C-3161-93A7-0DCF83E58B96}"
	ProjectSection(ProjectDependencies) = postProject
		{921629E4-FA55-36F4-9F89-CC8436651088} = {921629E4-FA55-36F4-9F89-CC8436651088}
		{D47A8DE4-648E-3D8D-827D-6FAB5F8CD52A} = {D47A8DE4-648E-3D8D-827D-6FAB5F8CD52A}
		{8DB6D8C8-6532-34CE-979B-96E6C9F3F1DB} = {8DB6D8C8-6532-34CE-979B-96E6C9F3F1DB}
	EndProjectSection
EndProject
Project("{8BC9CEB8-8B4A-11D0-8D11-00A0C91BC942}") = "tutorial18_particles", "tutorial18_particles.vcxproj", "{57E1C3E8-B3BA-39ED-ABE3-DF9D635F77C6}"
	ProjectSection(ProjectDependencies) = postProject
		{921629E4-FA55-36F4-9F89-CC8436651088} = {921629E4-FA55-36F4-9F89-CC8436651088}
		{D47A8DE4-648E-3D8D-827D-6FAB5F8CD52A} = {D47A8DE4-648E-3D8D-827D-6FAB5F8CD52A}
		{8DB6D8C8-6532-34CE-979B-96E6C9F3F1DB} = {8DB6D8C8-6532-34CE-979B-96E6C9F3F1DB}
	EndProjectSection
EndProject
Project("{8BC9CEB8-8B4A-11D0-8D11-00A0C91BC942}") = "uninstall", "external\glfw-3.1.2\uninstall.vcxproj", "{F35AFB05-5E8D-3237-8038-AF489D8C35B7}"
	ProjectSection(ProjectDependencies) = postProject
		{D47A8DE4-648E-3D8D-827D-6FAB5F8CD52A} = {D47A8DE4-648E-3D8D-827D-6FAB5F8CD52A}
	EndProjectSection
EndProject
Project("{8BC9CEB8-8B4A-11D0-8D11-00A0C91BC942}") = "wave", "external\glfw-3.1.2\examples\wave.vcxproj", "{F2E2F5C2-90A1-39CA-A866-5D4D7A4BEFB9}"
	ProjectSection(ProjectDependencies) = postProject
		{D47A8DE4-648E-3D8D-827D-6FAB5F8CD52A} = {D47A8DE4-648E-3D8D-827D-6FAB5F8CD52A}
		{8DB6D8C8-6532-34CE-979B-96E6C9F3F1DB} = {8DB6D8C8-6532-34CE-979B-96E6C9F3F1DB}
	EndProjectSection
EndProject
Project("{8BC9CEB8-8B4A-11D0-8D11-00A0C91BC942}") = "windows", "external\glfw-3.1.2\tests\windows.vcxproj", "{7AD35D05-F35D-3397-B92D-133FC920EC29}"
	ProjectSection(ProjectDependencies) = postProject
		{D47A8DE4-648E-3D8D-827D-6FAB5F8CD52A} = {D47A8DE4-648E-3D8D-827D-6FAB5F8CD52A}
		{8DB6D8C8-6532-34CE-979B-96E6C9F3F1DB} = {8DB6D8C8-6532-34CE-979B-96E6C9F3F1DB}
	EndProjectSection
EndProject
Project("{8BC9CEB8-8B4A-11D0-8D11-00A0C91BC942}") = "zlib", "external\assimp-3.0.1270\contrib\zlib\zlib.vcxproj", "{544C3C7A-AF8A-387C-B22B-67AA52A19546}"
	ProjectSection(ProjectDependencies) = postProject
		{D47A8DE4-648E-3D8D-827D-6FAB5F8CD52A} = {D47A8DE4-648E-3D8D-827D-6FAB5F8CD52A}
	EndProjectSection
EndProject
Global
	GlobalSection(SolutionConfigurationPlatforms) = preSolution
		Debug|x64 = Debug|x64
		Release|x64 = Release|x64
		MinSizeRel|x64 = MinSizeRel|x64
		RelWithDebInfo|x64 = RelWithDebInfo|x64
	EndGlobalSection
	GlobalSection(ProjectConfigurationPlatforms) = postSolution
		{3B053CC8-BE91-39FF-98EB-FDC040C60EC6}.Debug|x64.ActiveCfg = Debug|x64
		{3B053CC8-BE91-39FF-98EB-FDC040C60EC6}.Debug|x64.Build.0 = Debug|x64
		{3B053CC8-BE91-39FF-98EB-FDC040C60EC6}.Release|x64.ActiveCfg = Release|x64
		{3B053CC8-BE91-39FF-98EB-FDC040C60EC6}.Release|x64.Build.0 = Release|x64
		{3B053CC8-BE91-39FF-98EB-FDC040C60EC6}.MinSizeRel|x64.ActiveCfg = MinSizeRel|x64
		{3B053CC8-BE91-39FF-98EB-FDC040C60EC6}.MinSizeRel|x64.Build.0 = MinSizeRel|x64
		{3B053CC8-BE91-39FF-98EB-FDC040C60EC6}.RelWithDebInfo|x64.ActiveCfg = RelWithDebInfo|x64
		{3B053CC8-BE91-39FF-98EB-FDC040C60EC6}.RelWithDebInfo|x64.Build.0 = RelWithDebInfo|x64
		{3799F898-6C08-33D9-A9F9-A50DF505F5AA}.Debug|x64.ActiveCfg = Debug|x64
		{3799F898-6C08-33D9-A9F9-A50DF505F5AA}.Debug|x64.Build.0 = Debug|x64
		{3799F898-6C08-33D9-A9F9-A50DF505F5AA}.Release|x64.ActiveCfg = Release|x64
		{3799F898-6C08-33D9-A9F9-A50DF505F5AA}.Release|x64.Build.0 = Release|x64
		{3799F898-6C08-33D9-A9F9-A50DF505F5AA}.MinSizeRel|x64.ActiveCfg = MinSizeRel|x64
		{3799F898-6C08-33D9-A9F9-A50DF505F5AA}.MinSizeRel|x64.Build.0 = MinSizeRel|x64
		{3799F898-6C08-33D9-A9F9-A50DF505F5AA}.RelWithDebInfo|x64.ActiveCfg = RelWithDebInfo|x64
		{3799F898-6C08-33D9-A9F9-A50DF505F5AA}.RelWithDebInfo|x64.Build.0 = RelWithDebInfo|x64
		{1E1CB9B2-65CC-39F0-9695-1B1FCABFAFE8}.Debug|x64.ActiveCfg = Debug|x64
		{1E1CB9B2-65CC-39F0-9695-1B1FCABFAFE8}.Debug|x64.Build.0 = Debug|x64
		{1E1CB9B2-65CC-39F0-9695-1B1FCABFAFE8}.Release|x64.ActiveCfg = Release|x64
		{1E1CB9B2-65CC-39F0-9695-1B1FCABFAFE8}.Release|x64.Build.0 = Release|x64
		{1E1CB9B2-65CC-39F0-9695-1B1FCABFAFE8}.MinSizeRel|x64.ActiveCfg = MinSizeRel|x64
		{1E1CB9B2-65CC-39F0-9695-1B1FCABFAFE8}.MinSizeRel|x64.Build.0 = MinSizeRel|x64
		{1E1CB9B2-65CC-39F0-9695-1B1FCABFAFE8}.RelWithDebInfo|x64.ActiveCfg = RelWithDebInfo|x64
		{1E1CB9B2-65CC-39F0-9695-1B1FCABFAFE8}.RelWithDebInfo|x64.Build.0 = RelWithDebInfo|x64
		{1636F8DC-4039-3DCD-81B7-CDF637B95A29}.Debug|x64.ActiveCfg = Debug|x64
		{1636F8DC-4039-3DCD-81B7-CDF637B95A29}.Debug|x64.Build.0 = Debug|x64
		{1636F8DC-4039-3DCD-81B7-CDF637B95A29}.Release|x64.ActiveCfg = Release|x64
		{1636F8DC-4039-3DCD-81B7-CDF637B95A29}.Release|x64.Build.0 = Release|x64
		{1636F8DC-4039-3DCD-81B7-CDF637B95A29}.MinSizeRel|x64.ActiveCfg = MinSizeRel|x64
		{1636F8DC-4039-3DCD-81B7-CDF637B95A29}.MinSizeRel|x64.Build.0 = MinSizeRel|x64
		{1636F8DC-4039-3DCD-81B7-CDF637B95A29}.RelWithDebInfo|x64.ActiveCfg = RelWithDebInfo|x64
		{1636F8DC-4039-3DCD-81B7-CDF637B95A29}.RelWithDebInfo|x64.Build.0 = RelWithDebInfo|x64
		{87273415-75F8-3320-9FAD-28BD68606E75}.Debug|x64.ActiveCfg = Debug|x64
		{87273415-75F8-3320-9FAD-28BD68606E75}.Debug|x64.Build.0 = Debug|x64
		{87273415-75F8-3320-9FAD-28BD68606E75}.Release|x64.ActiveCfg = Release|x64
		{87273415-75F8-3320-9FAD-28BD68606E75}.Release|x64.Build.0 = Release|x64
		{87273415-75F8-3320-9FAD-28BD68606E75}.MinSizeRel|x64.ActiveCfg = MinSizeRel|x64
		{87273415-75F8-3320-9FAD-28BD68606E75}.MinSizeRel|x64.Build.0 = MinSizeRel|x64
		{87273415-75F8-3320-9FAD-28BD68606E75}.RelWithDebInfo|x64.ActiveCfg = RelWithDebInfo|x64
		{87273415-75F8-3320-9FAD-28BD68606E75}.RelWithDebInfo|x64.Build.0 = RelWithDebInfo|x64
		{921629E4-FA55-36F4-9F89-CC8436651088}.Debug|x64.ActiveCfg = Debug|x64
		{921629E4-FA55-36F4-9F89-CC8436651088}.Debug|x64.Build.0 = Debug|x64
		{921629E4-FA55-36F4-9F89-CC8436651088}.Release|x64.ActiveCfg = Release|x64
		{921629E4-FA55-36F4-9F89-CC8436651088}.Release|x64.Build.0 = Release|x64
		{921629E4-FA55-36F4-9F89-CC8436651088}.MinSizeRel|x64.ActiveCfg = MinSizeRel|x64
		{921629E4-FA55-36F4-9F89-CC8436651088}.MinSizeRel|x64.Build.0 = MinSizeRel|x64
		{921629E4-FA55-36F4-9F89-CC8436651088}.RelWithDebInfo|x64.ActiveCfg = RelWithDebInfo|x64
		{921629E4-FA55-36F4-9F89-CC8436651088}.RelWithDebInfo|x64.Build.0 = RelWithDebInfo|x64
		{81B670F4-A971-3776-8E49-5C87D4A85D70}.Debug|x64.ActiveCfg = Debug|x64
		{81B670F4-A971-3776-8E49-5C87D4A85D70}.Release|x64.ActiveCfg = Release|x64
		{81B670F4-A971-3776-8E49-5C87D4A85D70}.MinSizeRel|x64.ActiveCfg = MinSizeRel|x64
		{81B670F4-A971-3776-8E49-5C87D4A85D70}.RelWithDebInfo|x64.ActiveCfg = RelWithDebInfo|x64
		{A21BBE27-CEB7-31FF-A549-4D166FD51983}.Debug|x64.ActiveCfg = Debug|x64
		{A21BBE27-CEB7-31FF-A549-4D166FD51983}.Debug|x64.Build.0 = Debug|x64
		{A21BBE27-CEB7-31FF-A549-4D166FD51983}.Release|x64.ActiveCfg = Release|x64
		{A21BBE27-CEB7-31FF-A549-4D166FD51983}.Release|x64.Build.0 = Release|x64
		{A21BBE27-CEB7-31FF-A549-4D166FD51983}.MinSizeRel|x64.ActiveCfg = MinSizeRel|x64
		{A21BBE27-CEB7-31FF-A549-4D166FD51983}.MinSizeRel|x64.Build.0 = MinSizeRel|x64
		{A21BBE27-CEB7-31FF-A549-4D166FD51983}.RelWithDebInfo|x64.ActiveCfg = RelWithDebInfo|x64
		{A21BBE27-CEB7-31FF-A549-4D166FD51983}.RelWithDebInfo|x64.Build.0 = RelWithDebInfo|x64
		{D47A8DE4-648E-3D8D-827D-6FAB5F8CD52A}.Debug|x64.ActiveCfg = Debug|x64
		{D47A8DE4-648E-3D8D-827D-6FAB5F8CD52A}.Debug|x64.Build.0 = Debug|x64
		{D47A8DE4-648E-3D8D-827D-6FAB5F8CD52A}.Release|x64.ActiveCfg = Release|x64
		{D47A8DE4-648E-3D8D-827D-6FAB5F8CD52A}.Release|x64.Build.0 = Release|x64
		{D47A8DE4-648E-3D8D-827D-6FAB5F8CD52A}.MinSizeRel|x64.ActiveCfg = MinSizeRel|x64
		{D47A8DE4-648E-3D8D-827D-6FAB5F8CD52A}.MinSizeRel|x64.Build.0 = MinSizeRel|x64
		{D47A8DE4-648E-3D8D-827D-6FAB5F8CD52A}.RelWithDebInfo|x64.ActiveCfg = RelWithDebInfo|x64
		{D47A8DE4-648E-3D8D-827D-6FAB5F8CD52A}.RelWithDebInfo|x64.Build.0 = RelWithDebInfo|x64
		{CBBD8FC3-AE3F-3A3D-A5FB-8F41EBEBE1FB}.Debug|x64.ActiveCfg = Debug|x64
		{CBBD8FC3-AE3F-3A3D-A5FB-8F41EBEBE1FB}.Debug|x64.Build.0 = Debug|x64
		{CBBD8FC3-AE3F-3A3D-A5FB-8F41EBEBE1FB}.Release|x64.ActiveCfg = Release|x64
		{CBBD8FC3-AE3F-3A3D-A5FB-8F41EBEBE1FB}.Release|x64.Build.0 = Release|x64
		{CBBD8FC3-AE3F-3A3D-A5FB-8F41EBEBE1FB}.MinSizeRel|x64.ActiveCfg = MinSizeRel|x64
		{CBBD8FC3-AE3F-3A3D-A5FB-8F41EBEBE1FB}.MinSizeRel|x64.Build.0 = MinSizeRel|x64
		{CBBD8FC3-AE3F-3A3D-A5FB-8F41EBEBE1FB}.RelWithDebInfo|x64.ActiveCfg = RelWithDebInfo|x64
		{CBBD8FC3-AE3F-3A3D-A5FB-8F41EBEBE1FB}.RelWithDebInfo|x64.Build.0 = RelWithDebInfo|x64
		{90C974B7-792D-3C48-A990-507139223BD0}.Debug|x64.ActiveCfg = Debug|x64
		{90C974B7-792D-3C48-A990-507139223BD0}.Debug|x64.Build.0 = Debug|x64
		{90C974B7-792D-3C48-A990-507139223BD0}.Release|x64.ActiveCfg = Release|x64
		{90C974B7-792D-3C48-A990-507139223BD0}.Release|x64.Build.0 = Release|x64
		{90C974B7-792D-3C48-A990-507139223BD0}.MinSizeRel|x64.ActiveCfg = MinSizeRel|x64
		{90C974B7-792D-3C48-A990-507139223BD0}.MinSizeRel|x64.Build.0 = MinSizeRel|x64
		{90C974B7-792D-3C48-A990-507139223BD0}.RelWithDebInfo|x64.ActiveCfg = RelWithDebInfo|x64
		{90C974B7-792D-3C48-A990-507139223BD0}.RelWithDebInfo|x64.Build.0 = RelWithDebInfo|x64
		{08323C3A-3B49-38D5-ACFC-EC31FD1DDF86}.Debug|x64.ActiveCfg = Debug|x64
		{08323C3A-3B49-38D5-ACFC-EC31FD1DDF86}.Debug|x64.Build.0 = Debug|x64
		{08323C3A-3B49-38D5-ACFC-EC31FD1DDF86}.Release|x64.ActiveCfg = Release|x64
		{08323C3A-3B49-38D5-ACFC-EC31FD1DDF86}.Release|x64.Build.0 = Release|x64
		{08323C3A-3B49-38D5-ACFC-EC31FD1DDF86}.MinSizeRel|x64.ActiveCfg = MinSizeRel|x64
		{08323C3A-3B49-38D5-ACFC-EC31FD1DDF86}.MinSizeRel|x64.Build.0 = MinSizeRel|x64
		{08323C3A-3B49-38D5-ACFC-EC31FD1DDF86}.RelWithDebInfo|x64.ActiveCfg = RelWithDebInfo|x64
		{08323C3A-3B49-38D5-ACFC-EC31FD1DDF86}.RelWithDebInfo|x64.Build.0 = RelWithDebInfo|x64
		{5EB0A388-3782-3D8E-B1F6-95B603767705}.Debug|x64.ActiveCfg = Debug|x64
		{5EB0A388-3782-3D8E-B1F6-95B603767705}.Debug|x64.Build.0 = Debug|x64
		{5EB0A388-3782-3D8E-B1F6-95B603767705}.Release|x64.ActiveCfg = Release|x64
		{5EB0A388-3782-3D8E-B1F6-95B603767705}.Release|x64.Build.0 = Release|x64
		{5EB0A388-3782-3D8E-B1F6-95B603767705}.MinSizeRel|x64.ActiveCfg = MinSizeRel|x64
		{5EB0A388-3782-3D8E-B1F6-95B603767705}.MinSizeRel|x64.Build.0 = MinSizeRel|x64
		{5EB0A388-3782-3D8E-B1F6-95B603767705}.RelWithDebInfo|x64.ActiveCfg = RelWithDebInfo|x64
		{5EB0A388-3782-3D8E-B1F6-95B603767705}.RelWithDebInfo|x64.Build.0 = RelWithDebInfo|x64
		{844368F8-05F9-3225-BDF0-6BB58A8ACAEF}.Debug|x64.ActiveCfg = Debug|x64
		{844368F8-05F9-3225-BDF0-6BB58A8ACAEF}.Debug|x64.Build.0 = Debug|x64
		{844368F8-05F9-3225-BDF0-6BB58A8ACAEF}.Release|x64.ActiveCfg = Release|x64
		{844368F8-05F9-3225-BDF0-6BB58A8ACAEF}.Release|x64.Build.0 = Release|x64
		{844368F8-05F9-3225-BDF0-6BB58A8ACAEF}.MinSizeRel|x64.ActiveCfg = MinSizeRel|x64
		{844368F8-05F9-3225-BDF0-6BB58A8ACAEF}.MinSizeRel|x64.Build.0 = MinSizeRel|x64
		{844368F8-05F9-3225-BDF0-6BB58A8ACAEF}.RelWithDebInfo|x64.ActiveCfg = RelWithDebInfo|x64
		{844368F8-05F9-3225-BDF0-6BB58A8ACAEF}.RelWithDebInfo|x64.Build.0 = RelWithDebInfo|x64
		{8302568F-25B8-3683-84A0-206435A884DE}.Debug|x64.ActiveCfg = Debug|x64
		{8302568F-25B8-3683-84A0-206435A884DE}.Debug|x64.Build.0 = Debug|x64
		{8302568F-25B8-3683-84A0-206435A884DE}.Release|x64.ActiveCfg = Release|x64
		{8302568F-25B8-3683-84A0-206435A884DE}.Release|x64.Build.0 = Release|x64
		{8302568F-25B8-3683-84A0-206435A884DE}.MinSizeRel|x64.ActiveCfg = MinSizeRel|x64
		{8302568F-25B8-3683-84A0-206435A884DE}.MinSizeRel|x64.Build.0 = MinSizeRel|x64
		{8302568F-25B8-3683-84A0-206435A884DE}.RelWithDebInfo|x64.ActiveCfg = RelWithDebInfo|x64
		{8302568F-25B8-3683-84A0-206435A884DE}.RelWithDebInfo|x64.Build.0 = RelWithDebInfo|x64
		{2745169B-9020-3DCA-AEF0-BC21D58B83BD}.Debug|x64.ActiveCfg = Debug|x64
		{2745169B-9020-3DCA-AEF0-BC21D58B83BD}.Debug|x64.Build.0 = Debug|x64
		{2745169B-9020-3DCA-AEF0-BC21D58B83BD}.Release|x64.ActiveCfg = Release|x64
		{2745169B-9020-3DCA-AEF0-BC21D58B83BD}.Release|x64.Build.0 = Release|x64
		{2745169B-9020-3DCA-AEF0-BC21D58B83BD}.MinSizeRel|x64.ActiveCfg = MinSizeRel|x64
		{2745169B-9020-3DCA-AEF0-BC21D58B83BD}.MinSizeRel|x64.Build.0 = MinSizeRel|x64
		{2745169B-9020-3DCA-AEF0-BC21D58B83BD}.RelWithDebInfo|x64.ActiveCfg = RelWithDebInfo|x64
		{2745169B-9020-3DCA-AEF0-BC21D58B83BD}.RelWithDebInfo|x64.Build.0 = RelWithDebInfo|x64
		{D04C78BC-E835-3635-B1DD-E8AEA100DA9F}.Debug|x64.ActiveCfg = Debug|x64
		{D04C78BC-E835-3635-B1DD-E8AEA100DA9F}.Debug|x64.Build.0 = Debug|x64
		{D04C78BC-E835-3635-B1DD-E8AEA100DA9F}.Release|x64.ActiveCfg = Release|x64
		{D04C78BC-E835-3635-B1DD-E8AEA100DA9F}.Release|x64.Build.0 = Release|x64
		{D04C78BC-E835-3635-B1DD-E8AEA100DA9F}.MinSizeRel|x64.ActiveCfg = MinSizeRel|x64
		{D04C78BC-E835-3635-B1DD-E8AEA100DA9F}.MinSizeRel|x64.Build.0 = MinSizeRel|x64
		{D04C78BC-E835-3635-B1DD-E8AEA100DA9F}.RelWithDebInfo|x64.ActiveCfg = RelWithDebInfo|x64
		{D04C78BC-E835-3635-B1DD-E8AEA100DA9F}.RelWithDebInfo|x64.Build.0 = RelWithDebInfo|x64
		{8DB6D8C8-6532-34CE-979B-96E6C9F3F1DB}.Debug|x64.ActiveCfg = Debug|x64
		{8DB6D8C8-6532-34CE-979B-96E6C9F3F1DB}.Debug|x64.Build.0 = Debug|x64
		{8DB6D8C8-6532-34CE-979B-96E6C9F3F1DB}.Release|x64.ActiveCfg = Release|x64
		{8DB6D8C8-6532-34CE-979B-96E6C9F3F1DB}.Release|x64.Build.0 = Release|x64
		{8DB6D8C8-6532-34CE-979B-96E6C9F3F1DB}.MinSizeRel|x64.ActiveCfg = MinSizeRel|x64
		{8DB6D8C8-6532-34CE-979B-96E6C9F3F1DB}.MinSizeRel|x64.Build.0 = MinSizeRel|x64
		{8DB6D8C8-6532-34CE-979B-96E6C9F3F1DB}.RelWithDebInfo|x64.ActiveCfg = RelWithDebInfo|x64
		{8DB6D8C8-6532-34CE-979B-96E6C9F3F1DB}.RelWithDebInfo|x64.Build.0 = RelWithDebInfo|x64
		{FB028E9D-CD4F-373A-A5A7-1892036E71E4}.Debug|x64.ActiveCfg = Debug|x64
		{FB028E9D-CD4F-373A-A5A7-1892036E71E4}.Debug|x64.Build.0 = Debug|x64
		{FB028E9D-CD4F-373A-A5A7-1892036E71E4}.Release|x64.ActiveCfg = Release|x64
		{FB028E9D-CD4F-373A-A5A7-1892036E71E4}.Release|x64.Build.0 = Release|x64
		{FB028E9D-CD4F-373A-A5A7-1892036E71E4}.MinSizeRel|x64.ActiveCfg = MinSizeRel|x64
		{FB028E9D-CD4F-373A-A5A7-1892036E71E4}.MinSizeRel|x64.Build.0 = MinSizeRel|x64
		{FB028E9D-CD4F-373A-A5A7-1892036E71E4}.RelWithDebInfo|x64.ActiveCfg = RelWithDebInfo|x64
		{FB028E9D-CD4F-373A-A5A7-1892036E71E4}.RelWithDebInfo|x64.Build.0 = RelWithDebInfo|x64
		{575BE680-F49E-3C83-B7D8-E004CD11068F}.Debug|x64.ActiveCfg = Debug|x64
		{575BE680-F49E-3C83-B7D8-E004CD11068F}.Debug|x64.Build.0 = Debug|x64
		{575BE680-F49E-3C83-B7D8-E004CD11068F}.Release|x64.ActiveCfg = Release|x64
		{575BE680-F49E-3C83-B7D8-E004CD11068F}.Release|x64.Build.0 = Release|x64
		{575BE680-F49E-3C83-B7D8-E004CD11068F}.MinSizeRel|x64.ActiveCfg = MinSizeRel|x64
		{575BE680-F49E-3C83-B7D8-E004CD11068F}.MinSizeRel|x64.Build.0 = MinSizeRel|x64
		{575BE680-F49E-3C83-B7D8-E004CD11068F}.RelWithDebInfo|x64.ActiveCfg = RelWithDebInfo|x64
		{575BE680-F49E-3C83-B7D8-E004CD11068F}.RelWithDebInfo|x64.Build.0 = RelWithDebInfo|x64
		{813D5A32-1F63-331F-A315-0F37C2B794DB}.Debug|x64.ActiveCfg = Debug|x64
		{813D5A32-1F63-331F-A315-0F37C2B794DB}.Debug|x64.Build.0 = Debug|x64
		{813D5A32-1F63-331F-A315-0F37C2B794DB}.Release|x64.ActiveCfg = Release|x64
		{813D5A32-1F63-331F-A315-0F37C2B794DB}.Release|x64.Build.0 = Release|x64
		{813D5A32-1F63-331F-A315-0F37C2B794DB}.MinSizeRel|x64.ActiveCfg = MinSizeRel|x64
		{813D5A32-1F63-331F-A315-0F37C2B794DB}.MinSizeRel|x64.Build.0 = MinSizeRel|x64
		{813D5A32-1F63-331F-A315-0F37C2B794DB}.RelWithDebInfo|x64.ActiveCfg = RelWithDebInfo|x64
		{813D5A32-1F63-331F-A315-0F37C2B794DB}.RelWithDebInfo|x64.Build.0 = RelWithDebInfo|x64
		{6559D2BD-01A1-396E-97EB-49DC78D30DF5}.Debug|x64.ActiveCfg = Debug|x64
		{6559D2BD-01A1-396E-97EB-49DC78D30DF5}.Debug|x64.Build.0 = Debug|x64
		{6559D2BD-01A1-396E-97EB-49DC78D30DF5}.Release|x64.ActiveCfg = Release|x64
		{6559D2BD-01A1-396E-97EB-49DC78D30DF5}.Release|x64.Build.0 = Release|x64
		{6559D2BD-01A1-396E-97EB-49DC78D30DF5}.MinSizeRel|x64.ActiveCfg = MinSizeRel|x64
		{6559D2BD-01A1-396E-97EB-49DC78D30DF5}.MinSizeRel|x64.Build.0 = MinSizeRel|x64
		{6559D2BD-01A1-396E-97EB-49DC78D30DF5}.RelWithDebInfo|x64.ActiveCfg = RelWithDebInfo|x64
		{6559D2BD-01A1-396E-97EB-49DC78D30DF5}.RelWithDebInfo|x64.Build.0 = RelWithDebInfo|x64
		{1F47FA71-96B5-345C-9657-23BCF8A45881}.Debug|x64.ActiveCfg = Debug|x64
		{1F47FA71-96B5-345C-9657-23BCF8A45881}.Debug|x64.Build.0 = Debug|x64
		{1F47FA71-96B5-345C-9657-23BCF8A45881}.Release|x64.ActiveCfg = Release|x64
		{1F47FA71-96B5-345C-9657-23BCF8A45881}.Release|x64.Build.0 = Release|x64
		{1F47FA71-96B5-345C-9657-23BCF8A45881}.MinSizeRel|x64.ActiveCfg = MinSizeRel|x64
		{1F47FA71-96B5-345C-9657-23BCF8A45881}.MinSizeRel|x64.Build.0 = MinSizeRel|x64
		{1F47FA71-96B5-345C-9657-23BCF8A45881}.RelWithDebInfo|x64.ActiveCfg = RelWithDebInfo|x64
		{1F47FA71-96B5-345C-9657-23BCF8A45881}.RelWithDebInfo|x64.Build.0 = RelWithDebInfo|x64
		{BA0F6168-C6FF-3CB6-AA60-579F4AEF135F}.Debug|x64.ActiveCfg = Debug|x64
		{BA0F6168-C6FF-3CB6-AA60-579F4AEF135F}.Debug|x64.Build.0 = Debug|x64
		{BA0F6168-C6FF-3CB6-AA60-579F4AEF135F}.Release|x64.ActiveCfg = Release|x64
		{BA0F6168-C6FF-3CB6-AA60-579F4AEF135F}.Release|x64.Build.0 = Release|x64
		{BA0F6168-C6FF-3CB6-AA60-579F4AEF135F}.MinSizeRel|x64.ActiveCfg = MinSizeRel|x64
		{BA0F6168-C6FF-3CB6-AA60-579F4AEF135F}.MinSizeRel|x64.Build.0 = MinSizeRel|x64
		{BA0F6168-C6FF-3CB6-AA60-579F4AEF135F}.RelWithDebInfo|x64.ActiveCfg = RelWithDebInfo|x64
		{BA0F6168-C6FF-3CB6-AA60-579F4AEF135F}.RelWithDebInfo|x64.Build.0 = RelWithDebInfo|x64
		{8BAB88F3-0B74-3F51-96B2-0CFFD5E4E4E8}.Debug|x64.ActiveCfg = Debug|x64
		{8BAB88F3-0B74-3F51-96B2-0CFFD5E4E4E8}.Debug|x64.Build.0 = Debug|x64
		{8BAB88F3-0B74-3F51-96B2-0CFFD5E4E4E8}.Release|x64.ActiveCfg = Release|x64
		{8BAB88F3-0B74-3F51-96B2-0CFFD5E4E4E8}.Release|x64.Build.0 = Release|x64
		{8BAB88F3-0B74-3F51-96B2-0CFFD5E4E4E8}.MinSizeRel|x64.ActiveCfg = MinSizeRel|x64
		{8BAB88F3-0B74-3F51-96B2-0CFFD5E4E4E8}.MinSizeRel|x64.Build.0 = MinSizeRel|x64
		{8BAB88F3-0B74-3F51-96B2-0CFFD5E4E4E8}.RelWithDebInfo|x64.ActiveCfg = RelWithDebInfo|x64
		{8BAB88F3-0B74-3F51-96B2-0CFFD5E4E4E8}.RelWithDebInfo|x64.Build.0 = RelWithDebInfo|x64
		{0AC4EF4E-94A2-3F60-BF12-646338A74F9C}.Debug|x64.ActiveCfg = Debug|x64
		{0AC4EF4E-94A2-3F60-BF12-646338A74F9C}.Debug|x64.Build.0 = Debug|x64
		{0AC4EF4E-94A2-3F60-BF12-646338A74F9C}.Release|x64.ActiveCfg = Release|x64
		{0AC4EF4E-94A2-3F60-BF12-646338A74F9C}.Release|x64.Build.0 = Release|x64
		{0AC4EF4E-94A2-3F60-BF12-646338A74F9C}.MinSizeRel|x64.ActiveCfg = MinSizeRel|x64
		{0AC4EF4E-94A2-3F60-BF12-646338A74F9C}.MinSizeRel|x64.Build.0 = MinSizeRel|x64
		{0AC4EF4E-94A2-3F60-BF12-646338A74F9C}.RelWithDebInfo|x64.ActiveCfg = RelWithDebInfo|x64
		{0AC4EF4E-94A2-3F60-BF12-646338A74F9C}.RelWithDebInfo|x64.Build.0 = RelWithDebInfo|x64
		{1A1A2E2D-2281-3F9D-A815-984A9AE225A4}.Debug|x64.ActiveCfg = Debug|x64
		{1A1A2E2D-2281-3F9D-A815-984A9AE225A4}.Debug|x64.Build.0 = Debug|x64
		{1A1A2E2D-2281-3F9D-A815-984A9AE225A4}.Release|x64.ActiveCfg = Release|x64
		{1A1A2E2D-2281-3F9D-A815-984A9AE225A4}.Release|x64.Build.0 = Release|x64
		{1A1A2E2D-2281-3F9D-A815-984A9AE225A4}.MinSizeRel|x64.ActiveCfg = MinSizeRel|x64
		{1A1A2E2D-2281-3F9D-A815-984A9AE225A4}.MinSizeRel|x64.Build.0 = MinSizeRel|x64
		{1A1A2E2D-2281-3F9D-A815-984A9AE225A4}.RelWithDebInfo|x64.ActiveCfg = RelWithDebInfo|x64
		{1A1A2E2D-2281-3F9D-A815-984A9AE225A4}.RelWithDebInfo|x64.Build.0 = RelWithDebInfo|x64
		{0D7B197F-EA35-381D-9790-CC3A63283996}.Debug|x64.ActiveCfg = Debug|x64
		{0D7B197F-EA35-381D-9790-CC3A63283996}.Debug|x64.Build.0 = Debug|x64
		{0D7B197F-EA35-381D-9790-CC3A63283996}.Release|x64.ActiveCfg = Release|x64
		{0D7B197F-EA35-381D-9790-CC3A63283996}.Release|x64.Build.0 = Release|x64
		{0D7B197F-EA35-381D-9790-CC3A63283996}.MinSizeRel|x64.ActiveCfg = MinSizeRel|x64
		{0D7B197F-EA35-381D-9790-CC3A63283996}.MinSizeRel|x64.Build.0 = MinSizeRel|x64
		{0D7B197F-EA35-381D-9790-CC3A63283996}.RelWithDebInfo|x64.ActiveCfg = RelWithDebInfo|x64
		{0D7B197F-EA35-381D-9790-CC3A63283996}.RelWithDebInfo|x64.Build.0 = RelWithDebInfo|x64
		{D03BB805-F796-3E06-BBB7-A12DED3AAFD9}.Debug|x64.ActiveCfg = Debug|x64
		{D03BB805-F796-3E06-BBB7-A12DED3AAFD9}.Debug|x64.Build.0 = Debug|x64
		{D03BB805-F796-3E06-BBB7-A12DED3AAFD9}.Release|x64.ActiveCfg = Release|x64
		{D03BB805-F796-3E06-BBB7-A12DED3AAFD9}.Release|x64.Build.0 = Release|x64
		{D03BB805-F796-3E06-BBB7-A12DED3AAFD9}.MinSizeRel|x64.ActiveCfg = MinSizeRel|x64
		{D03BB805-F796-3E06-BBB7-A12DED3AAFD9}.MinSizeRel|x64.Build.0 = MinSizeRel|x64
		{D03BB805-F796-3E06-BBB7-A12DED3AAFD9}.RelWithDebInfo|x64.ActiveCfg = RelWithDebInfo|x64
		{D03BB805-F796-3E06-BBB7-A12DED3AAFD9}.RelWithDebInfo|x64.Build.0 = RelWithDebInfo|x64
		{1209C5A4-FE85-3E59-BF6D-303A5F1CB37E}.Debug|x64.ActiveCfg = Debug|x64
		{1209C5A4-FE85-3E59-BF6D-303A5F1CB37E}.Debug|x64.Build.0 = Debug|x64
		{1209C5A4-FE85-3E59-BF6D-303A5F1CB37E}.Release|x64.ActiveCfg = Release|x64
		{1209C5A4-FE85-3E59-BF6D-303A5F1CB37E}.Release|x64.Build.0 = Release|x64
		{1209C5A4-FE85-3E59-BF6D-303A5F1CB37E}.MinSizeRel|x64.ActiveCfg = MinSizeRel|x64
		{1209C5A4-FE85-3E59-BF6D-303A5F1CB37E}.MinSizeRel|x64.Build.0 = MinSizeRel|x64
		{1209C5A4-FE85-3E59-BF6D-303A5F1CB37E}.RelWithDebInfo|x64.ActiveCfg = RelWithDebInfo|x64
		{1209C5A4-FE85-3E59-BF6D-303A5F1CB37E}.RelWithDebInfo|x64.Build.0 = RelWithDebInfo|x64
		{C23AE511-7BB0-31EB-9AE0-2070349ED33D}.Debug|x64.ActiveCfg = Debug|x64
		{C23AE511-7BB0-31EB-9AE0-2070349ED33D}.Debug|x64.Build.0 = Debug|x64
		{C23AE511-7BB0-31EB-9AE0-2070349ED33D}.Release|x64.ActiveCfg = Release|x64
		{C23AE511-7BB0-31EB-9AE0-2070349ED33D}.Release|x64.Build.0 = Release|x64
		{C23AE511-7BB0-31EB-9AE0-2070349ED33D}.MinSizeRel|x64.ActiveCfg = MinSizeRel|x64
		{C23AE511-7BB0-31EB-9AE0-2070349ED33D}.MinSizeRel|x64.Build.0 = MinSizeRel|x64
		{C23AE511-7BB0-31EB-9AE0-2070349ED33D}.RelWithDebInfo|x64.ActiveCfg = RelWithDebInfo|x64
		{C23AE511-7BB0-31EB-9AE0-2070349ED33D}.RelWithDebInfo|x64.Build.0 = RelWithDebInfo|x64
		{4B76AE85-EF31-34C5-A034-B800F29F6F5C}.Debug|x64.ActiveCfg = Debug|x64
		{4B76AE85-EF31-34C5-A034-B800F29F6F5C}.Debug|x64.Build.0 = Debug|x64
		{4B76AE85-EF31-34C5-A034-B800F29F6F5C}.Release|x64.ActiveCfg = Release|x64
		{4B76AE85-EF31-34C5-A034-B800F29F6F5C}.Release|x64.Build.0 = Release|x64
		{4B76AE85-EF31-34C5-A034-B800F29F6F5C}.MinSizeRel|x64.ActiveCfg = MinSizeRel|x64
		{4B76AE85-EF31-34C5-A034-B800F29F6F5C}.MinSizeRel|x64.Build.0 = MinSizeRel|x64
		{4B76AE85-EF31-34C5-A034-B800F29F6F5C}.RelWithDebInfo|x64.ActiveCfg = RelWithDebInfo|x64
		{4B76AE85-EF31-34C5-A034-B800F29F6F5C}.RelWithDebInfo|x64.Build.0 = RelWithDebInfo|x64
		{5B9F3103-7467-3E7A-9338-E5FD65251C5D}.Debug|x64.ActiveCfg = Debug|x64
		{5B9F3103-7467-3E7A-9338-E5FD65251C5D}.Debug|x64.Build.0 = Debug|x64
		{5B9F3103-7467-3E7A-9338-E5FD65251C5D}.Release|x64.ActiveCfg = Release|x64
		{5B9F3103-7467-3E7A-9338-E5FD65251C5D}.Release|x64.Build.0 = Release|x64
		{5B9F3103-7467-3E7A-9338-E5FD65251C5D}.MinSizeRel|x64.ActiveCfg = MinSizeRel|x64
		{5B9F3103-7467-3E7A-9338-E5FD65251C5D}.MinSizeRel|x64.Build.0 = MinSizeRel|x64
		{5B9F3103-7467-3E7A-9338-E5FD65251C5D}.RelWithDebInfo|x64.ActiveCfg = RelWithDebInfo|x64
		{5B9F3103-7467-3E7A-9338-E5FD65251C5D}.RelWithDebInfo|x64.Build.0 = RelWithDebInfo|x64
		{26662808-0213-39F7-8248-892757D9224C}.Debug|x64.ActiveCfg = Debug|x64
		{26662808-0213-39F7-8248-892757D9224C}.Debug|x64.Build.0 = Debug|x64
		{26662808-0213-39F7-8248-892757D9224C}.Release|x64.ActiveCfg = Release|x64
		{26662808-0213-39F7-8248-892757D9224C}.Release|x64.Build.0 = Release|x64
		{26662808-0213-39F7-8248-892757D9224C}.MinSizeRel|x64.ActiveCfg = MinSizeRel|x64
		{26662808-0213-39F7-8248-892757D9224C}.MinSizeRel|x64.Build.0 = MinSizeRel|x64
		{26662808-0213-39F7-8248-892757D9224C}.RelWithDebInfo|x64.ActiveCfg = RelWithDebInfo|x64
		{26662808-0213-39F7-8248-892757D9224C}.RelWithDebInfo|x64.Build.0 = RelWithDebInfo|x64
		{EAA3C265-AA05-3E3A-B3EB-6BA4F4F84FA7}.Debug|x64.ActiveCfg = Debug|x64
		{EAA3C265-AA05-3E3A-B3EB-6BA4F4F84FA7}.Debug|x64.Build.0 = Debug|x64
		{EAA3C265-AA05-3E3A-B3EB-6BA4F4F84FA7}.Release|x64.ActiveCfg = Release|x64
		{EAA3C265-AA05-3E3A-B3EB-6BA4F4F84FA7}.Release|x64.Build.0 = Release|x64
		{EAA3C265-AA05-3E3A-B3EB-6BA4F4F84FA7}.MinSizeRel|x64.ActiveCfg = MinSizeRel|x64
		{EAA3C265-AA05-3E3A-B3EB-6BA4F4F84FA7}.MinSizeRel|x64.Build.0 = MinSizeRel|x64
		{EAA3C265-AA05-3E3A-B3EB-6BA4F4F84FA7}.RelWithDebInfo|x64.ActiveCfg = RelWithDebInfo|x64
		{EAA3C265-AA05-3E3A-B3EB-6BA4F4F84FA7}.RelWithDebInfo|x64.Build.0 = RelWithDebInfo|x64
		{4577A268-0CBD-3626-A889-7EE4358EF6E2}.Debug|x64.ActiveCfg = Debug|x64
		{4577A268-0CBD-3626-A889-7EE4358EF6E2}.Debug|x64.Build.0 = Debug|x64
		{4577A268-0CBD-3626-A889-7EE4358EF6E2}.Release|x64.ActiveCfg = Release|x64
		{4577A268-0CBD-3626-A889-7EE4358EF6E2}.Release|x64.Build.0 = Release|x64
		{4577A268-0CBD-3626-A889-7EE4358EF6E2}.MinSizeRel|x64.ActiveCfg = MinSizeRel|x64
		{4577A268-0CBD-3626-A889-7EE4358EF6E2}.MinSizeRel|x64.Build.0 = MinSizeRel|x64
		{4577A268-0CBD-3626-A889-7EE4358EF6E2}.RelWithDebInfo|x64.ActiveCfg = RelWithDebInfo|x64
		{4577A268-0CBD-3626-A889-7EE4358EF6E2}.RelWithDebInfo|x64.Build.0 = RelWithDebInfo|x64
		{E4794311-FCDE-3CC4-AFEE-2AA9212A4E7C}.Debug|x64.ActiveCfg = Debug|x64
		{E4794311-FCDE-3CC4-AFEE-2AA9212A4E7C}.Debug|x64.Build.0 = Debug|x64
		{E4794311-FCDE-3CC4-AFEE-2AA9212A4E7C}.Release|x64.ActiveCfg = Release|x64
		{E4794311-FCDE-3CC4-AFEE-2AA9212A4E7C}.Release|x64.Build.0 = Release|x64
		{E4794311-FCDE-3CC4-AFEE-2AA9212A4E7C}.MinSizeRel|x64.ActiveCfg = MinSizeRel|x64
		{E4794311-FCDE-3CC4-AFEE-2AA9212A4E7C}.MinSizeRel|x64.Build.0 = MinSizeRel|x64
		{E4794311-FCDE-3CC4-AFEE-2AA9212A4E7C}.RelWithDebInfo|x64.ActiveCfg = RelWithDebInfo|x64
		{E4794311-FCDE-3CC4-AFEE-2AA9212A4E7C}.RelWithDebInfo|x64.Build.0 = RelWithDebInfo|x64
		{B0560F8E-8DAD-3F01-981A-466B12017ED4}.Debug|x64.ActiveCfg = Debug|x64
		{B0560F8E-8DAD-3F01-981A-466B12017ED4}.Debug|x64.Build.0 = Debug|x64
		{B0560F8E-8DAD-3F01-981A-466B12017ED4}.Release|x64.ActiveCfg = Release|x64
		{B0560F8E-8DAD-3F01-981A-466B12017ED4}.Release|x64.Build.0 = Release|x64
		{B0560F8E-8DAD-3F01-981A-466B12017ED4}.MinSizeRel|x64.ActiveCfg = MinSizeRel|x64
		{B0560F8E-8DAD-3F01-981A-466B12017ED4}.MinSizeRel|x64.Build.0 = MinSizeRel|x64
		{B0560F8E-8DAD-3F01-981A-466B12017ED4}.RelWithDebInfo|x64.ActiveCfg = RelWithDebInfo|x64
		{B0560F8E-8DAD-3F01-981A-466B12017ED4}.RelWithDebInfo|x64.Build.0 = RelWithDebInfo|x64
		{0C55DC82-5D54-3776-B7C2-87920A7589F6}.Debug|x64.ActiveCfg = Debug|x64
		{0C55DC82-5D54-3776-B7C2-87920A7589F6}.Debug|x64.Build.0 = Debug|x64
		{0C55DC82-5D54-3776-B7C2-87920A7589F6}.Release|x64.ActiveCfg = Release|x64
		{0C55DC82-5D54-3776-B7C2-87920A7589F6}.Release|x64.Build.0 = Release|x64
		{0C55DC82-5D54-3776-B7C2-87920A7589F6}.MinSizeRel|x64.ActiveCfg = MinSizeRel|x64
		{0C55DC82-5D54-3776-B7C2-87920A7589F6}.MinSizeRel|x64.Build.0 = MinSizeRel|x64
		{0C55DC82-5D54-3776-B7C2-87920A7589F6}.RelWithDebInfo|x64.ActiveCfg = RelWithDebInfo|x64
		{0C55DC82-5D54-3776-B7C2-87920A7589F6}.RelWithDebInfo|x64.Build.0 = RelWithDebInfo|x64
		{8BA60101-493D-31E8-9EDC-6D1619659698}.Debug|x64.ActiveCfg = Debug|x64
		{8BA60101-493D-31E8-9EDC-6D1619659698}.Debug|x64.Build.0 = Debug|x64
		{8BA60101-493D-31E8-9EDC-6D1619659698}.Release|x64.ActiveCfg = Release|x64
		{8BA60101-493D-31E8-9EDC-6D1619659698}.Release|x64.Build.0 = Release|x64
		{8BA60101-493D-31E8-9EDC-6D1619659698}.MinSizeRel|x64.ActiveCfg = MinSizeRel|x64
		{8BA60101-493D-31E8-9EDC-6D1619659698}.MinSizeRel|x64.Build.0 = MinSizeRel|x64
		{8BA60101-493D-31E8-9EDC-6D1619659698}.RelWithDebInfo|x64.ActiveCfg = RelWithDebInfo|x64
		{8BA60101-493D-31E8-9EDC-6D1619659698}.RelWithDebInfo|x64.Build.0 = RelWithDebInfo|x64
		{E88C9BA2-C9C5-3609-9C06-33FE4A625914}.Debug|x64.ActiveCfg = Debug|x64
		{E88C9BA2-C9C5-3609-9C06-33FE4A625914}.Debug|x64.Build.0 = Debug|x64
		{E88C9BA2-C9C5-3609-9C06-33FE4A625914}.Release|x64.ActiveCfg = Release|x64
		{E88C9BA2-C9C5-3609-9C06-33FE4A625914}.Release|x64.Build.0 = Release|x64
		{E88C9BA2-C9C5-3609-9C06-33FE4A625914}.MinSizeRel|x64.ActiveCfg = MinSizeRel|x64
		{E88C9BA2-C9C5-3609-9C06-33FE4A625914}.MinSizeRel|x64.Build.0 = MinSizeRel|x64
		{E88C9BA2-C9C5-3609-9C06-33FE4A625914}.RelWithDebInfo|x64.ActiveCfg = RelWithDebInfo|x64
		{E88C9BA2-C9C5-3609-9C06-33FE4A625914}.RelWithDebInfo|x64.Build.0 = RelWithDebInfo|x64
		{48AADD2F-1190-3169-AE06-0625A389F0F2}.Debug|x64.ActiveCfg = Debug|x64
		{48AADD2F-1190-3169-AE06-0625A389F0F2}.Debug|x64.Build.0 = Debug|x64
		{48AADD2F-1190-3169-AE06-0625A389F0F2}.Release|x64.ActiveCfg = Release|x64
		{48AADD2F-1190-3169-AE06-0625A389F0F2}.Release|x64.Build.0 = Release|x64
		{48AADD2F-1190-3169-AE06-0625A389F0F2}.MinSizeRel|x64.ActiveCfg = MinSizeRel|x64
		{48AADD2F-1190-3169-AE06-0625A389F0F2}.MinSizeRel|x64.Build.0 = MinSizeRel|x64
		{48AADD2F-1190-3169-AE06-0625A389F0F2}.RelWithDebInfo|x64.ActiveCfg = RelWithDebInfo|x64
		{48AADD2F-1190-3169-AE06-0625A389F0F2}.RelWithDebInfo|x64.Build.0 = RelWithDebInfo|x64
		{694DDF90-5A7E-3975-93CA-AC3F23A32558}.Debug|x64.ActiveCfg = Debug|x64
		{694DDF90-5A7E-3975-93CA-AC3F23A32558}.Debug|x64.Build.0 = Debug|x64
		{694DDF90-5A7E-3975-93CA-AC3F23A32558}.Release|x64.ActiveCfg = Release|x64
		{694DDF90-5A7E-3975-93CA-AC3F23A32558}.Release|x64.Build.0 = Release|x64
		{694DDF90-5A7E-3975-93CA-AC3F23A32558}.MinSizeRel|x64.ActiveCfg = MinSizeRel|x64
		{694DDF90-5A7E-3975-93CA-AC3F23A32558}.MinSizeRel|x64.Build.0 = MinSizeRel|x64
		{694DDF90-5A7E-3975-93CA-AC3F23A32558}.RelWithDebInfo|x64.ActiveCfg = RelWithDebInfo|x64
		{694DDF90-5A7E-3975-93CA-AC3F23A32558}.RelWithDebInfo|x64.Build.0 = RelWithDebInfo|x64
		{7DDE86C9-0759-333E-B709-D5FFF30DBF6A}.Debug|x64.ActiveCfg = Debug|x64
		{7DDE86C9-0759-333E-B709-D5FFF30DBF6A}.Debug|x64.Build.0 = Debug|x64
		{7DDE86C9-0759-333E-B709-D5FFF30DBF6A}.Release|x64.ActiveCfg = Release|x64
		{7DDE86C9-0759-333E-B709-D5FFF30DBF6A}.Release|x64.Build.0 = Release|x64
		{7DDE86C9-0759-333E-B709-D5FFF30DBF6A}.MinSizeRel|x64.ActiveCfg = MinSizeRel|x64
		{7DDE86C9-0759-333E-B709-D5FFF30DBF6A}.MinSizeRel|x64.Build.0 = MinSizeRel|x64
		{7DDE86C9-0759-333E-B709-D5FFF30DBF6A}.RelWithDebInfo|x64.ActiveCfg = RelWithDebInfo|x64
		{7DDE86C9-0759-333E-B709-D5FFF30DBF6A}.RelWithDebInfo|x64.Build.0 = RelWithDebInfo|x64
		{A11FBEC2-CE52-346C-979B-75A9C889EF81}.Debug|x64.ActiveCfg = Debug|x64
		{A11FBEC2-CE52-346C-979B-75A9C889EF81}.Debug|x64.Build.0 = Debug|x64
		{A11FBEC2-CE52-346C-979B-75A9C889EF81}.Release|x64.ActiveCfg = Release|x64
		{A11FBEC2-CE52-346C-979B-75A9C889EF81}.Release|x64.Build.0 = Release|x64
		{A11FBEC2-CE52-346C-979B-75A9C889EF81}.MinSizeRel|x64.ActiveCfg = MinSizeRel|x64
		{A11FBEC2-CE52-346C-979B-75A9C889EF81}.MinSizeRel|x64.Build.0 = MinSizeRel|x64
		{A11FBEC2-CE52-346C-979B-75A9C889EF81}.RelWithDebInfo|x64.ActiveCfg = RelWithDebInfo|x64
		{A11FBEC2-CE52-346C-979B-75A9C889EF81}.RelWithDebInfo|x64.Build.0 = RelWithDebInfo|x64
		{B2AE43F0-69E0-3D81-A9F3-B4552D856FDB}.Debug|x64.ActiveCfg = Debug|x64
		{B2AE43F0-69E0-3D81-A9F3-B4552D856FDB}.Debug|x64.Build.0 = Debug|x64
		{B2AE43F0-69E0-3D81-A9F3-B4552D856FDB}.Release|x64.ActiveCfg = Release|x64
		{B2AE43F0-69E0-3D81-A9F3-B4552D856FDB}.Release|x64.Build.0 = Release|x64
		{B2AE43F0-69E0-3D81-A9F3-B4552D856FDB}.MinSizeRel|x64.ActiveCfg = MinSizeRel|x64
		{B2AE43F0-69E0-3D81-A9F3-B4552D856FDB}.MinSizeRel|x64.Build.0 = MinSizeRel|x64
		{B2AE43F0-69E0-3D81-A9F3-B4552D856FDB}.RelWithDebInfo|x64.ActiveCfg = RelWithDebInfo|x64
		{B2AE43F0-69E0-3D81-A9F3-B4552D856FDB}.RelWithDebInfo|x64.Build.0 = RelWithDebInfo|x64
		{29E0EB3A-BAD0-3747-A3C2-DC7BDF37C1B5}.Debug|x64.ActiveCfg = Debug|x64
		{29E0EB3A-BAD0-3747-A3C2-DC7BDF37C1B5}.Debug|x64.Build.0 = Debug|x64
		{29E0EB3A-BAD0-3747-A3C2-DC7BDF37C1B5}.Release|x64.ActiveCfg = Release|x64
		{29E0EB3A-BAD0-3747-A3C2-DC7BDF37C1B5}.Release|x64.Build.0 = Release|x64
		{29E0EB3A-BAD0-3747-A3C2-DC7BDF37C1B5}.MinSizeRel|x64.ActiveCfg = MinSizeRel|x64
		{29E0EB3A-BAD0-3747-A3C2-DC7BDF37C1B5}.MinSizeRel|x64.Build.0 = MinSizeRel|x64
		{29E0EB3A-BAD0-3747-A3C2-DC7BDF37C1B5}.RelWithDebInfo|x64.ActiveCfg = RelWithDebInfo|x64
		{29E0EB3A-BAD0-3747-A3C2-DC7BDF37C1B5}.RelWithDebInfo|x64.Build.0 = RelWithDebInfo|x64
		{DA8E49B9-7480-3F09-AADC-BB8362E5EFD7}.Debug|x64.ActiveCfg = Debug|x64
		{DA8E49B9-7480-3F09-AADC-BB8362E5EFD7}.Debug|x64.Build.0 = Debug|x64
		{DA8E49B9-7480-3F09-AADC-BB8362E5EFD7}.Release|x64.ActiveCfg = Release|x64
		{DA8E49B9-7480-3F09-AADC-BB8362E5EFD7}.Release|x64.Build.0 = Release|x64
		{DA8E49B9-7480-3F09-AADC-BB8362E5EFD7}.MinSizeRel|x64.ActiveCfg = MinSizeRel|x64
		{DA8E49B9-7480-3F09-AADC-BB8362E5EFD7}.MinSizeRel|x64.Build.0 = MinSizeRel|x64
		{DA8E49B9-7480-3F09-AADC-BB8362E5EFD7}.RelWithDebInfo|x64.ActiveCfg = RelWithDebInfo|x64
		{DA8E49B9-7480-3F09-AADC-BB8362E5EFD7}.RelWithDebInfo|x64.Build.0 = RelWithDebInfo|x64
		{C617619F-1318-31C0-A27B-DD4BFDF0D5CD}.Debug|x64.ActiveCfg = Debug|x64
		{C617619F-1318-31C0-A27B-DD4BFDF0D5CD}.Debug|x64.Build.0 = Debug|x64
		{C617619F-1318-31C0-A27B-DD4BFDF0D5CD}.Release|x64.ActiveCfg = Release|x64
		{C617619F-1318-31C0-A27B-DD4BFDF0D5CD}.Release|x64.Build.0 = Release|x64
		{C617619F-1318-31C0-A27B-DD4BFDF0D5CD}.MinSizeRel|x64.ActiveCfg = MinSizeRel|x64
		{C617619F-1318-31C0-A27B-DD4BFDF0D5CD}.MinSizeRel|x64.Build.0 = MinSizeRel|x64
		{C617619F-1318-31C0-A27B-DD4BFDF0D5CD}.RelWithDebInfo|x64.ActiveCfg = RelWithDebInfo|x64
		{C617619F-1318-31C0-A27B-DD4BFDF0D5CD}.RelWithDebInfo|x64.Build.0 = RelWithDebInfo|x64
		{D10B7E9A-FD8C-3E88-B8D2-59DD5200B8CF}.Debug|x64.ActiveCfg = Debug|x64
		{D10B7E9A-FD8C-3E88-B8D2-59DD5200B8CF}.Debug|x64.Build.0 = Debug|x64
		{D10B7E9A-FD8C-3E88-B8D2-59DD5200B8CF}.Release|x64.ActiveCfg = Release|x64
		{D10B7E9A-FD8C-3E88-B8D2-59DD5200B8CF}.Release|x64.Build.0 = Release|x64
		{D10B7E9A-FD8C-3E88-B8D2-59DD5200B8CF}.MinSizeRel|x64.ActiveCfg = MinSizeRel|x64
		{D10B7E9A-FD8C-3E88-B8D2-59DD5200B8CF}.MinSizeRel|x64.Build.0 = MinSizeRel|x64
		{D10B7E9A-FD8C-3E88-B8D2-59DD5200B8CF}.RelWithDebInfo|x64.ActiveCfg = RelWithDebInfo|x64
		{D10B7E9A-FD8C-3E88-B8D2-59DD5200B8CF}.RelWithDebInfo|x64.Build.0 = RelWithDebInfo|x64
		{9E944E56-1F32-3388-8E96-B7EC46C9A974}.Debug|x64.ActiveCfg = Debug|x64
		{9E944E56-1F32-3388-8E96-B7EC46C9A974}.Debug|x64.Build.0 = Debug|x64
		{9E944E56-1F32-3388-8E96-B7EC46C9A974}.Release|x64.ActiveCfg = Release|x64
		{9E944E56-1F32-3388-8E96-B7EC46C9A974}.Release|x64.Build.0 = Release|x64
		{9E944E56-1F32-3388-8E96-B7EC46C9A974}.MinSizeRel|x64.ActiveCfg = MinSizeRel|x64
		{9E944E56-1F32-3388-8E96-B7EC46C9A974}.MinSizeRel|x64.Build.0 = MinSizeRel|x64
		{9E944E56-1F32-3388-8E96-B7EC46C9A974}.RelWithDebInfo|x64.ActiveCfg = RelWithDebInfo|x64
		{9E944E56-1F32-3388-8E96-B7EC46C9A974}.RelWithDebInfo|x64.Build.0 = RelWithDebInfo|x64
		{5CF45C9F-696E-3380-80DF-FD73629E09A7}.Debug|x64.ActiveCfg = Debug|x64
		{5CF45C9F-696E-3380-80DF-FD73629E09A7}.Debug|x64.Build.0 = Debug|x64
		{5CF45C9F-696E-3380-80DF-FD73629E09A7}.Release|x64.ActiveCfg = Release|x64
		{5CF45C9F-696E-3380-80DF-FD73629E09A7}.Release|x64.Build.0 = Release|x64
		{5CF45C9F-696E-3380-80DF-FD73629E09A7}.MinSizeRel|x64.ActiveCfg = MinSizeRel|x64
		{5CF45C9F-696E-3380-80DF-FD73629E09A7}.MinSizeRel|x64.Build.0 = MinSizeRel|x64
		{5CF45C9F-696E-3380-80DF-FD73629E09A7}.RelWithDebInfo|x64.ActiveCfg = RelWithDebInfo|x64
		{5CF45C9F-696E-3380-80DF-FD73629E09A7}.RelWithDebInfo|x64.Build.0 = RelWithDebInfo|x64
		{A1E3132B-AA45-3B45-8757-91E328DDF38C}.Debug|x64.ActiveCfg = Debug|x64
		{A1E3132B-AA45-3B45-8757-91E328DDF38C}.Debug|x64.Build.0 = Debug|x64
		{A1E3132B-AA45-3B45-8757-91E328DDF38C}.Release|x64.ActiveCfg = Release|x64
		{A1E3132B-AA45-3B45-8757-91E328DDF38C}.Release|x64.Build.0 = Release|x64
		{A1E3132B-AA45-3B45-8757-91E328DDF38C}.MinSizeRel|x64.ActiveCfg = MinSizeRel|x64
		{A1E3132B-AA45-3B45-8757-91E328DDF38C}.MinSizeRel|x64.Build.0 = MinSizeRel|x64
		{A1E3132B-AA45-3B45-8757-91E328DDF38C}.RelWithDebInfo|x64.ActiveCfg = RelWithDebInfo|x64
		{A1E3132B-AA45-3B45-8757-91E328DDF38C}.RelWithDebInfo|x64.Build.0 = RelWithDebInfo|x64
		{A073653C-15DC-31FB-A5FE-E87523C9A01A}.Debug|x64.ActiveCfg = Debug|x64
		{A073653C-15DC-31FB-A5FE-E87523C9A01A}.Debug|x64.Build.0 = Debug|x64
		{A073653C-15DC-31FB-A5FE-E87523C9A01A}.Release|x64.ActiveCfg = Release|x64
		{A073653C-15DC-31FB-A5FE-E87523C9A01A}.Release|x64.Build.0 = Release|x64
		{A073653C-15DC-31FB-A5FE-E87523C9A01A}.MinSizeRel|x64.ActiveCfg = MinSizeRel|x64
		{A073653C-15DC-31FB-A5FE-E87523C9A01A}.MinSizeRel|x64.Build.0 = MinSizeRel|x64
		{A073653C-15DC-31FB-A5FE-E87523C9A01A}.RelWithDebInfo|x64.ActiveCfg = RelWithDebInfo|x64
		{A073653C-15DC-31FB-A5FE-E87523C9A01A}.RelWithDebInfo|x64.Build.0 = RelWithDebInfo|x64
		{9905AEBD-76EF-3F66-ABAE-4DF5902CD111}.Debug|x64.ActiveCfg = Debug|x64
		{9905AEBD-76EF-3F66-ABAE-4DF5902CD111}.Debug|x64.Build.0 = Debug|x64
		{9905AEBD-76EF-3F66-ABAE-4DF5902CD111}.Release|x64.ActiveCfg = Release|x64
		{9905AEBD-76EF-3F66-ABAE-4DF5902CD111}.Release|x64.Build.0 = Release|x64
		{9905AEBD-76EF-3F66-ABAE-4DF5902CD111}.MinSizeRel|x64.ActiveCfg = MinSizeRel|x64
		{9905AEBD-76EF-3F66-ABAE-4DF5902CD111}.MinSizeRel|x64.Build.0 = MinSizeRel|x64
		{9905AEBD-76EF-3F66-ABAE-4DF5902CD111}.RelWithDebInfo|x64.ActiveCfg = RelWithDebInfo|x64
		{9905AEBD-76EF-3F66-ABAE-4DF5902CD111}.RelWithDebInfo|x64.Build.0 = RelWithDebInfo|x64
		{C6DEEA2B-0068-3978-8AC7-FC36C4A8F4FF}.Debug|x64.ActiveCfg = Debug|x64
		{C6DEEA2B-0068-3978-8AC7-FC36C4A8F4FF}.Debug|x64.Build.0 = Debug|x64
		{C6DEEA2B-0068-3978-8AC7-FC36C4A8F4FF}.Release|x64.ActiveCfg = Release|x64
		{C6DEEA2B-0068-3978-8AC7-FC36C4A8F4FF}.Release|x64.Build.0 = Release|x64
		{C6DEEA2B-0068-3978-8AC7-FC36C4A8F4FF}.MinSizeRel|x64.ActiveCfg = MinSizeRel|x64
		{C6DEEA2B-0068-3978-8AC7-FC36C4A8F4FF}.MinSizeRel|x64.Build.0 = MinSizeRel|x64
		{C6DEEA2B-0068-3978-8AC7-FC36C4A8F4FF}.RelWithDebInfo|x64.ActiveCfg = RelWithDebInfo|x64
		{C6DEEA2B-0068-3978-8AC7-FC36C4A8F4FF}.RelWithDebInfo|x64.Build.0 = RelWithDebInfo|x64
		{2B6432AA-431C-3161-93A7-0DCF83E58B96}.Debug|x64.ActiveCfg = Debug|x64
		{2B6432AA-431C-3161-93A7-0DCF83E58B96}.Debug|x64.Build.0 = Debug|x64
		{2B6432AA-431C-3161-93A7-0DCF83E58B96}.Release|x64.ActiveCfg = Release|x64
		{2B6432AA-431C-3161-93A7-0DCF83E58B96}.Release|x64.Build.0 = Release|x64
		{2B6432AA-431C-3161-93A7-0DCF83E58B96}.MinSizeRel|x64.ActiveCfg = MinSizeRel|x64
		{2B6432AA-431C-3161-93A7-0DCF83E58B96}.MinSizeRel|x64.Build.0 = MinSizeRel|x64
		{2B6432AA-431C-3161-93A7-0DCF83E58B96}.RelWithDebInfo|x64.ActiveCfg = RelWithDebInfo|x64
		{2B6432AA-431C-3161-93A7-0DCF83E58B96}.RelWithDebInfo|x64.Build.0 = RelWithDebInfo|x64
		{57E1C3E8-B3BA-39ED-ABE3-DF9D635F77C6}.Debug|x64.ActiveCfg = Debug|x64
		{57E1C3E8-B3BA-39ED-ABE3-DF9D635F77C6}.Debug|x64.Build.0 = Debug|x64
		{57E1C3E8-B3BA-39ED-ABE3-DF9D635F77C6}.Release|x64.ActiveCfg = Release|x64
		{57E1C3E8-B3BA-39ED-ABE3-DF9D635F77C6}.Release|x64.Build.0 = Release|x64
		{57E1C3E8-B3BA-39ED-ABE3-DF9D635F77C6}.MinSizeRel|x64.ActiveCfg = MinSizeRel|x64
		{57E1C3E8-B3BA-39ED-ABE3-DF9D635F77C6}.MinSizeRel|x64.Build.0 = MinSizeRel|x64
		{57E1C3E8-B3BA-39ED-ABE3-DF9D635F77C6}.RelWithDebInfo|x64.ActiveCfg = RelWithDebInfo|x64
		{57E1C3E8-B3BA-39ED-ABE3-DF9D635F77C6}.RelWithDebInfo|x64.Build.0 = RelWithDebInfo|x64
		{F35AFB05-5E8D-3237-8038-AF489D8C35B7}.Debug|x64.ActiveCfg = Debug|x64
		{F35AFB05-5E8D-3237-8038-AF489D8C35B7}.Release|x64.ActiveCfg = Release|x64
		{F35AFB05-5E8D-3237-8038-AF489D8C35B7}.MinSizeRel|x64.ActiveCfg = MinSizeRel|x64
		{F35AFB05-5E8D-3237-8038-AF489D8C35B7}.RelWithDebInfo|x64.ActiveCfg = RelWithDebInfo|x64
		{F2E2F5C2-90A1-39CA-A866-5D4D7A4BEFB9}.Debug|x64.ActiveCfg = Debug|x64
		{F2E2F5C2-90A1-39CA-A866-5D4D7A4BEFB9}.Debug|x64.Build.0 = Debug|x64
		{F2E2F5C2-90A1-39CA-A866-5D4D7A4BEFB9}.Release|x64.ActiveCfg = Release|x64
		{F2E2F5C2-90A1-39CA-A866-5D4D7A4BEFB9}.Release|x64.Build.0 = Release|x64
		{F2E2F5C2-90A1-39CA-A866-5D4D7A4BEFB9}.MinSizeRel|x64.ActiveCfg = MinSizeRel|x64
		{F2E2F5C2-90A1-39CA-A866-5D4D7A4BEFB9}.MinSizeRel|x64.Build.0 = MinSizeRel|x64
		{F2E2F5C2-90A1-39CA-A866-5D4D7A4BEFB9}.RelWithDebInfo|x64.ActiveCfg = RelWithDebInfo|x64
		{F2E2F5C2-90A1-39CA-A866-5D4D7A4BEFB9}.RelWithDebInfo|x64.Build.0 = RelWithDebInfo|x64
		{7AD35D05-F35D-3397-B92D-133FC920EC29}.Debug|x64.ActiveCfg = Debug|x64
		{7AD35D05-F35D-3397-B92D-133FC920EC29}.Debug|x64.Build.0 = Debug|x64
		{7AD35D05-F35D-3397-B92D-133FC920EC29}.Release|x64.ActiveCfg = Release|x64
		{7AD35D05-F35D-3397-B92D-133FC920EC29}.Release|x64.Build.0 = Release|x64
		{7AD35D05-F35D-3397-B92D-133FC920EC29}.MinSizeRel|x64.ActiveCfg = MinSizeRel|x64
		{7AD35D05-F35D-3397-B92D-133FC920EC29}.MinSizeRel|x64.Build.0 = MinSizeRel|x64
		{7AD35D05-F35D-3397-B92D-133FC920EC29}.RelWithDebInfo|x64.ActiveCfg = RelWithDebInfo|x64
		{7AD35D05-F35D-3397-B92D-133FC920EC29}.RelWithDebInfo|x64.Build.0 = RelWithDebInfo|x64
		{544C3C7A-AF8A-387C-B22B-67AA52A19546}.Debug|x64.ActiveCfg = Debug|x64
		{544C3C7A-AF8A-387C-B22B-67AA52A19546}.Debug|x64.Build.0 = Debug|x64
		{544C3C7A-AF8A-387C-B22B-67AA52A19546}.Release|x64.ActiveCfg = Release|x64
		{544C3C7A-AF8A-387C-B22B-67AA52A19546}.Release|x64.Build.0 = Release|x64
		{544C3C7A-AF8A-387C-B22B-67AA52A19546}.MinSizeRel|x64.ActiveCfg = MinSizeRel|x64
		{544C3C7A-AF8A-387C-B22B-67AA52A19546}.MinSizeRel|x64.Build.0 = MinSizeRel|x64
		{544C3C7A-AF8A-387C-B22B-67AA52A19546}.RelWithDebInfo|x64.ActiveCfg = RelWithDebInfo|x64
		{544C3C7A-AF8A-387C-B22B-67AA52A19546}.RelWithDebInfo|x64.Build.0 = RelWithDebInfo|x64
	EndGlobalSection
	GlobalSection(NestedProjects) = preSolution
		{3B053CC8-BE91-39FF-98EB-FDC040C60EC6} = {B33BFA4A-360B-39D4-9F91-6748F112510E}
		{81B670F4-A971-3776-8E49-5C87D4A85D70} = {B33BFA4A-360B-39D4-9F91-6748F112510E}
		{D47A8DE4-648E-3D8D-827D-6FAB5F8CD52A} = {B33BFA4A-360B-39D4-9F91-6748F112510E}
		{B790BAB5-7310-3C78-92E4-99FE93EC5CFA} = {62D391B2-023D-3B11-8181-E5E3427D3A3A}
		{E69C6339-CCA0-32A2-A59A-05139F1A7A52} = {62D391B2-023D-3B11-8181-E5E3427D3A3A}
		{8DB6D8C8-6532-34CE-979B-96E6C9F3F1DB} = {62D391B2-023D-3B11-8181-E5E3427D3A3A}
		{90C974B7-792D-3C48-A990-507139223BD0} = {B790BAB5-7310-3C78-92E4-99FE93EC5CFA}
		{D04C78BC-E835-3635-B1DD-E8AEA100DA9F} = {B790BAB5-7310-3C78-92E4-99FE93EC5CFA}
		{575BE680-F49E-3C83-B7D8-E004CD11068F} = {B790BAB5-7310-3C78-92E4-99FE93EC5CFA}
		{0D7B197F-EA35-381D-9790-CC3A63283996} = {B790BAB5-7310-3C78-92E4-99FE93EC5CFA}
		{4B76AE85-EF31-34C5-A034-B800F29F6F5C} = {B790BAB5-7310-3C78-92E4-99FE93EC5CFA}
		{5B9F3103-7467-3E7A-9338-E5FD65251C5D} = {B790BAB5-7310-3C78-92E4-99FE93EC5CFA}
		{F2E2F5C2-90A1-39CA-A866-5D4D7A4BEFB9} = {B790BAB5-7310-3C78-92E4-99FE93EC5CFA}
		{08323C3A-3B49-38D5-ACFC-EC31FD1DDF86} = {E69C6339-CCA0-32A2-A59A-05139F1A7A52}
		{5EB0A388-3782-3D8E-B1F6-95B603767705} = {E69C6339-CCA0-32A2-A59A-05139F1A7A52}
		{844368F8-05F9-3225-BDF0-6BB58A8ACAEF} = {E69C6339-CCA0-32A2-A59A-05139F1A7A52}
		{8302568F-25B8-3683-84A0-206435A884DE} = {E69C6339-CCA0-32A2-A59A-05139F1A7A52}
		{2745169B-9020-3DCA-AEF0-BC21D58B83BD} = {E69C6339-CCA0-32A2-A59A-05139F1A7A52}
		{FB028E9D-CD4F-373A-A5A7-1892036E71E4} = {E69C6339-CCA0-32A2-A59A-05139F1A7A52}
		{813D5A32-1F63-331F-A315-0F37C2B794DB} = {E69C6339-CCA0-32A2-A59A-05139F1A7A52}
		{6559D2BD-01A1-396E-97EB-49DC78D30DF5} = {E69C6339-CCA0-32A2-A59A-05139F1A7A52}
		{0AC4EF4E-94A2-3F60-BF12-646338A74F9C} = {E69C6339-CCA0-32A2-A59A-05139F1A7A52}
		{1A1A2E2D-2281-3F9D-A815-984A9AE225A4} = {E69C6339-CCA0-32A2-A59A-05139F1A7A52}
		{1209C5A4-FE85-3E59-BF6D-303A5F1CB37E} = {E69C6339-CCA0-32A2-A59A-05139F1A7A52}
		{C23AE511-7BB0-31EB-9AE0-2070349ED33D} = {E69C6339-CCA0-32A2-A59A-05139F1A7A52}
		{26662808-0213-39F7-8248-892757D9224C} = {E69C6339-CCA0-32A2-A59A-05139F1A7A52}
		{EAA3C265-AA05-3E3A-B3EB-6BA4F4F84FA7} = {E69C6339-CCA0-32A2-A59A-05139F1A7A52}
		{4577A268-0CBD-3626-A889-7EE4358EF6E2} = {E69C6339-CCA0-32A2-A59A-05139F1A7A52}
		{7AD35D05-F35D-3397-B92D-133FC920EC29} = {E69C6339-CCA0-32A2-A59A-05139F1A7A52}
	EndGlobalSection
	GlobalSection(ExtensibilityGlobals) = postSolution
		SolutionGuid = {A01B2C95-0068-39E0-BE3E-8B2EE04FCCF4}
	EndGlobalSection
	GlobalSection(ExtensibilityAddIns) = postSolution
	EndGlobalSection
EndGlobal
